// !$*UTF8*$!
{
	archiveVersion = 1;
	classes = {
	};
	objectVersion = 44;
	objects = {

/* Begin PBXBuildFile section */
		21814D620DD9F21700FFFF36 /* chttp.c in Sources */ = {isa = PBXBuildFile; fileRef = 21814CFD0DD9F21700FFFF36 /* chttp.c */; };
		21814D630DD9F21700FFFF36 /* chttp_date.c in Sources */ = {isa = PBXBuildFile; fileRef = 21814CFE0DD9F21700FFFF36 /* chttp_date.c */; };
		21814D640DD9F21700FFFF36 /* chttp_header.c in Sources */ = {isa = PBXBuildFile; fileRef = 21814CFF0DD9F21700FFFF36 /* chttp_header.c */; };
		21814D650DD9F21700FFFF36 /* chttp_header_list.c in Sources */ = {isa = PBXBuildFile; fileRef = 21814D000DD9F21700FFFF36 /* chttp_header_list.c */; };
		21814D660DD9F21700FFFF36 /* chttp_packet.c in Sources */ = {isa = PBXBuildFile; fileRef = 21814D010DD9F21700FFFF36 /* chttp_packet.c */; };
		21814D670DD9F21700FFFF36 /* chttp_persistent_connection.c in Sources */ = {isa = PBXBuildFile; fileRef = 21814D020DD9F21700FFFF36 /* chttp_persistent_connection.c */; };
		21814D680DD9F21700FFFF36 /* chttp_request.c in Sources */ = {isa = PBXBuildFile; fileRef = 21814D030DD9F21700FFFF36 /* chttp_request.c */; };
		21814D690DD9F21700FFFF36 /* chttp_response.c in Sources */ = {isa = PBXBuildFile; fileRef = 21814D040DD9F21700FFFF36 /* chttp_response.c */; };
		21814D6A0DD9F21700FFFF36 /* chttp_server.c in Sources */ = {isa = PBXBuildFile; fileRef = 21814D050DD9F21700FFFF36 /* chttp_server.c */; };
		21814D6B0DD9F21700FFFF36 /* chttp_server_list.c in Sources */ = {isa = PBXBuildFile; fileRef = 21814D060DD9F21700FFFF36 /* chttp_server_list.c */; };
		21814D6C0DD9F21700FFFF36 /* cfile.c in Sources */ = {isa = PBXBuildFile; fileRef = 21814D080DD9F21700FFFF36 /* cfile.c */; };
		21814D6D0DD9F21700FFFF36 /* cfile_list.c in Sources */ = {isa = PBXBuildFile; fileRef = 21814D090DD9F21700FFFF36 /* cfile_list.c */; };
		21814D6E0DD9F21700FFFF36 /* cdatagram_packet.c in Sources */ = {isa = PBXBuildFile; fileRef = 21814D0B0DD9F21700FFFF36 /* cdatagram_packet.c */; };
		21814D6F0DD9F21700FFFF36 /* cinterface.c in Sources */ = {isa = PBXBuildFile; fileRef = 21814D0C0DD9F21700FFFF36 /* cinterface.c */; };
		21814D700DD9F21700FFFF36 /* cinterface_function.c in Sources */ = {isa = PBXBuildFile; fileRef = 21814D0D0DD9F21700FFFF36 /* cinterface_function.c */; };
		21814D710DD9F21700FFFF36 /* cinterface_list.c in Sources */ = {isa = PBXBuildFile; fileRef = 21814D0E0DD9F21700FFFF36 /* cinterface_list.c */; };
		21814D720DD9F21700FFFF36 /* cnet_function.c in Sources */ = {isa = PBXBuildFile; fileRef = 21814D0F0DD9F21700FFFF36 /* cnet_function.c */; };
		21814D730DD9F21700FFFF36 /* csocket.c in Sources */ = {isa = PBXBuildFile; fileRef = 21814D100DD9F21700FFFF36 /* csocket.c */; };
		21814D740DD9F21700FFFF36 /* csocket_list.c in Sources */ = {isa = PBXBuildFile; fileRef = 21814D110DD9F21700FFFF36 /* csocket_list.c */; };
		21814D750DD9F21700FFFF36 /* curi.c in Sources */ = {isa = PBXBuildFile; fileRef = 21814D120DD9F21700FFFF36 /* curi.c */; };
		21814D760DD9F21700FFFF36 /* curl.c in Sources */ = {isa = PBXBuildFile; fileRef = 21814D130DD9F21700FFFF36 /* curl.c */; };
		21814D770DD9F21700FFFF36 /* csoap.c in Sources */ = {isa = PBXBuildFile; fileRef = 21814D150DD9F21700FFFF36 /* csoap.c */; };
		21814D780DD9F21700FFFF36 /* csoap_request.c in Sources */ = {isa = PBXBuildFile; fileRef = 21814D160DD9F21700FFFF36 /* csoap_request.c */; };
		21814D790DD9F21700FFFF36 /* csoap_response.c in Sources */ = {isa = PBXBuildFile; fileRef = 21814D170DD9F21700FFFF36 /* csoap_response.c */; };
		21814D7A0DD9F21700FFFF36 /* caction.c in Sources */ = {isa = PBXBuildFile; fileRef = 21814D190DD9F21700FFFF36 /* caction.c */; };
		21814D7B0DD9F21700FFFF36 /* caction_list.c in Sources */ = {isa = PBXBuildFile; fileRef = 21814D1A0DD9F21700FFFF36 /* caction_list.c */; };
		21814D7C0DD9F21700FFFF36 /* cargument.c in Sources */ = {isa = PBXBuildFile; fileRef = 21814D1B0DD9F21700FFFF36 /* cargument.c */; };
		21814D7D0DD9F21700FFFF36 /* cargument_list.c in Sources */ = {isa = PBXBuildFile; fileRef = 21814D1C0DD9F21700FFFF36 /* cargument_list.c */; };
		21814D7E0DD9F21700FFFF36 /* ccontrolpoint.c in Sources */ = {isa = PBXBuildFile; fileRef = 21814D1D0DD9F21700FFFF36 /* ccontrolpoint.c */; };
		21814D7F0DD9F21700FFFF36 /* ccontrolpoint_event.c in Sources */ = {isa = PBXBuildFile; fileRef = 21814D1E0DD9F21700FFFF36 /* ccontrolpoint_event.c */; };
		21814D800DD9F21700FFFF36 /* ccontrolpoint_http_server.c in Sources */ = {isa = PBXBuildFile; fileRef = 21814D1F0DD9F21700FFFF36 /* ccontrolpoint_http_server.c */; };
		21814D810DD9F21700FFFF36 /* cdevice.c in Sources */ = {isa = PBXBuildFile; fileRef = 21814D200DD9F21700FFFF36 /* cdevice.c */; };
		21814D820DD9F21700FFFF36 /* cdevice_advertiser.c in Sources */ = {isa = PBXBuildFile; fileRef = 21814D210DD9F21700FFFF36 /* cdevice_advertiser.c */; };
		21814D830DD9F21700FFFF36 /* cdevice_http_server.c in Sources */ = {isa = PBXBuildFile; fileRef = 21814D220DD9F21700FFFF36 /* cdevice_http_server.c */; };
		21814D840DD9F21700FFFF36 /* cdevice_list.c in Sources */ = {isa = PBXBuildFile; fileRef = 21814D230DD9F21700FFFF36 /* cdevice_list.c */; };
		21814D850DD9F21700FFFF36 /* cdevice_ssdp_server.c in Sources */ = {isa = PBXBuildFile; fileRef = 21814D240DD9F21700FFFF36 /* cdevice_ssdp_server.c */; };
		21814D860DD9F21700FFFF36 /* cicon.c in Sources */ = {isa = PBXBuildFile; fileRef = 21814D250DD9F21700FFFF36 /* cicon.c */; };
		21814D870DD9F21700FFFF36 /* cicon_list.c in Sources */ = {isa = PBXBuildFile; fileRef = 21814D260DD9F21700FFFF36 /* cicon_list.c */; };
		21814D880DD9F21700FFFF36 /* caction_ctrl.c in Sources */ = {isa = PBXBuildFile; fileRef = 21814D280DD9F21700FFFF36 /* caction_ctrl.c */; };
		21814D890DD9F21700FFFF36 /* caction_request.c in Sources */ = {isa = PBXBuildFile; fileRef = 21814D290DD9F21700FFFF36 /* caction_request.c */; };
		21814D8A0DD9F21700FFFF36 /* caction_response.c in Sources */ = {isa = PBXBuildFile; fileRef = 21814D2A0DD9F21700FFFF36 /* caction_response.c */; };
		21814D8B0DD9F21700FFFF36 /* ccontrol_function.c in Sources */ = {isa = PBXBuildFile; fileRef = 21814D2B0DD9F21700FFFF36 /* ccontrol_function.c */; };
		21814D8C0DD9F21700FFFF36 /* cquery_ctrl.c in Sources */ = {isa = PBXBuildFile; fileRef = 21814D2C0DD9F21700FFFF36 /* cquery_ctrl.c */; };
		21814D8D0DD9F21700FFFF36 /* cquery_request.c in Sources */ = {isa = PBXBuildFile; fileRef = 21814D2D0DD9F21700FFFF36 /* cquery_request.c */; };
		21814D8E0DD9F21700FFFF36 /* cquery_response.c in Sources */ = {isa = PBXBuildFile; fileRef = 21814D2E0DD9F21700FFFF36 /* cquery_response.c */; };
		21814D8F0DD9F21700FFFF36 /* cservice.c in Sources */ = {isa = PBXBuildFile; fileRef = 21814D2F0DD9F21700FFFF36 /* cservice.c */; };
		21814D900DD9F21700FFFF36 /* cservice_list.c in Sources */ = {isa = PBXBuildFile; fileRef = 21814D300DD9F21700FFFF36 /* cservice_list.c */; };
		21814D910DD9F21700FFFF36 /* cservice_notify.c in Sources */ = {isa = PBXBuildFile; fileRef = 21814D310DD9F21700FFFF36 /* cservice_notify.c */; };
		21814D920DD9F21700FFFF36 /* cservice_ssdp_server.c in Sources */ = {isa = PBXBuildFile; fileRef = 21814D320DD9F21700FFFF36 /* cservice_ssdp_server.c */; };
		21814D930DD9F21700FFFF36 /* cservicestate_table.c in Sources */ = {isa = PBXBuildFile; fileRef = 21814D330DD9F21700FFFF36 /* cservicestate_table.c */; };
		21814D940DD9F21700FFFF36 /* cstatevariable.c in Sources */ = {isa = PBXBuildFile; fileRef = 21814D340DD9F21700FFFF36 /* cstatevariable.c */; };
		21814D950DD9F21700FFFF36 /* cupnp_function.c in Sources */ = {isa = PBXBuildFile; fileRef = 21814D350DD9F21700FFFF36 /* cupnp_function.c */; };
		21814D960DD9F21700FFFF36 /* cupnp_status.c in Sources */ = {isa = PBXBuildFile; fileRef = 21814D360DD9F21700FFFF36 /* cupnp_status.c */; };
		21814D970DD9F21700FFFF36 /* ceventlistener_list.c in Sources */ = {isa = PBXBuildFile; fileRef = 21814D380DD9F21700FFFF36 /* ceventlistener_list.c */; };
		21814D980DD9F21700FFFF36 /* cnotify_request.c in Sources */ = {isa = PBXBuildFile; fileRef = 21814D390DD9F21700FFFF36 /* cnotify_request.c */; };
		21814D990DD9F21700FFFF36 /* cproperty.c in Sources */ = {isa = PBXBuildFile; fileRef = 21814D3A0DD9F21700FFFF36 /* cproperty.c */; };
		21814D9A0DD9F21700FFFF36 /* cproperty_list.c in Sources */ = {isa = PBXBuildFile; fileRef = 21814D3B0DD9F21700FFFF36 /* cproperty_list.c */; };
		21814D9B0DD9F21700FFFF36 /* csubscriber.c in Sources */ = {isa = PBXBuildFile; fileRef = 21814D3C0DD9F21700FFFF36 /* csubscriber.c */; };
		21814D9C0DD9F21700FFFF36 /* csubscriber_list.c in Sources */ = {isa = PBXBuildFile; fileRef = 21814D3D0DD9F21700FFFF36 /* csubscriber_list.c */; };
		21814D9D0DD9F21700FFFF36 /* csubscription.c in Sources */ = {isa = PBXBuildFile; fileRef = 21814D3E0DD9F21700FFFF36 /* csubscription.c */; };
		21814D9E0DD9F21700FFFF36 /* csubscription_request.c in Sources */ = {isa = PBXBuildFile; fileRef = 21814D3F0DD9F21700FFFF36 /* csubscription_request.c */; };
		21814D9F0DD9F21700FFFF36 /* csubscription_response.c in Sources */ = {isa = PBXBuildFile; fileRef = 21814D400DD9F21700FFFF36 /* csubscription_response.c */; };
		21814DA00DD9F21700FFFF36 /* chttpmu_socket.c in Sources */ = {isa = PBXBuildFile; fileRef = 21814D420DD9F21700FFFF36 /* chttpmu_socket.c */; };
		21814DA10DD9F21700FFFF36 /* chttpu_socket.c in Sources */ = {isa = PBXBuildFile; fileRef = 21814D430DD9F21700FFFF36 /* chttpu_socket.c */; };
		21814DA20DD9F21700FFFF36 /* cssdp.c in Sources */ = {isa = PBXBuildFile; fileRef = 21814D440DD9F21700FFFF36 /* cssdp.c */; };
		21814DA30DD9F21700FFFF36 /* cssdp_packet.c in Sources */ = {isa = PBXBuildFile; fileRef = 21814D450DD9F21700FFFF36 /* cssdp_packet.c */; };
		21814DA40DD9F21700FFFF36 /* cssdp_request.c in Sources */ = {isa = PBXBuildFile; fileRef = 21814D460DD9F21700FFFF36 /* cssdp_request.c */; };
		21814DA50DD9F21700FFFF36 /* cssdp_response.c in Sources */ = {isa = PBXBuildFile; fileRef = 21814D470DD9F21700FFFF36 /* cssdp_response.c */; };
		21814DA60DD9F21700FFFF36 /* cssdp_response_server.c in Sources */ = {isa = PBXBuildFile; fileRef = 21814D480DD9F21700FFFF36 /* cssdp_response_server.c */; };
		21814DA70DD9F21700FFFF36 /* cssdp_response_server_list.c in Sources */ = {isa = PBXBuildFile; fileRef = 21814D490DD9F21700FFFF36 /* cssdp_response_server_list.c */; };
		21814DA80DD9F21700FFFF36 /* cssdp_server.c in Sources */ = {isa = PBXBuildFile; fileRef = 21814D4A0DD9F21700FFFF36 /* cssdp_server.c */; };
		21814DA90DD9F21700FFFF36 /* cssdp_server_list.c in Sources */ = {isa = PBXBuildFile; fileRef = 21814D4B0DD9F21700FFFF36 /* cssdp_server_list.c */; };
		21814DAA0DD9F21700FFFF36 /* cssdp_socket.c in Sources */ = {isa = PBXBuildFile; fileRef = 21814D4C0DD9F21700FFFF36 /* cssdp_socket.c */; };
		21814DAB0DD9F21700FFFF36 /* ccond.c in Sources */ = {isa = PBXBuildFile; fileRef = 21814D4E0DD9F21700FFFF36 /* ccond.c */; };
		21814DAC0DD9F21700FFFF36 /* clist.c in Sources */ = {isa = PBXBuildFile; fileRef = 21814D4F0DD9F21700FFFF36 /* clist.c */; };
		21814DAD0DD9F21700FFFF36 /* clog.c in Sources */ = {isa = PBXBuildFile; fileRef = 21814D500DD9F21700FFFF36 /* clog.c */; };
		21814DAE0DD9F21700FFFF36 /* cmutex.c in Sources */ = {isa = PBXBuildFile; fileRef = 21814D510DD9F21700FFFF36 /* cmutex.c */; };
		21814DAF0DD9F21700FFFF36 /* cstring.c in Sources */ = {isa = PBXBuildFile; fileRef = 21814D520DD9F21700FFFF36 /* cstring.c */; };
		21814DB00DD9F21700FFFF36 /* cstring_function.c in Sources */ = {isa = PBXBuildFile; fileRef = 21814D530DD9F21700FFFF36 /* cstring_function.c */; };
		21814DB10DD9F21700FFFF36 /* cstring_tokenizer.c in Sources */ = {isa = PBXBuildFile; fileRef = 21814D540DD9F21700FFFF36 /* cstring_tokenizer.c */; };
		21814DB20DD9F21700FFFF36 /* cthread.c in Sources */ = {isa = PBXBuildFile; fileRef = 21814D550DD9F21700FFFF36 /* cthread.c */; };
		21814DB30DD9F21700FFFF36 /* cthread_list.c in Sources */ = {isa = PBXBuildFile; fileRef = 21814D560DD9F21700FFFF36 /* cthread_list.c */; };
		21814DB40DD9F21700FFFF36 /* ctime.c in Sources */ = {isa = PBXBuildFile; fileRef = 21814D570DD9F21700FFFF36 /* ctime.c */; };
		21814DB50DD9F21700FFFF36 /* ctime_wince.c in Sources */ = {isa = PBXBuildFile; fileRef = 21814D580DD9F21700FFFF36 /* ctime_wince.c */; };
		21814DB60DD9F21700FFFF36 /* cxml_attribute.c in Sources */ = {isa = PBXBuildFile; fileRef = 21814D5A0DD9F21700FFFF36 /* cxml_attribute.c */; };
		21814DB70DD9F21700FFFF36 /* cxml_attribute_list.c in Sources */ = {isa = PBXBuildFile; fileRef = 21814D5B0DD9F21700FFFF36 /* cxml_attribute_list.c */; };
		21814DB80DD9F21700FFFF36 /* cxml_function.c in Sources */ = {isa = PBXBuildFile; fileRef = 21814D5C0DD9F21700FFFF36 /* cxml_function.c */; };
		21814DB90DD9F21700FFFF36 /* cxml_node.c in Sources */ = {isa = PBXBuildFile; fileRef = 21814D5D0DD9F21700FFFF36 /* cxml_node.c */; };
		21814DBA0DD9F21700FFFF36 /* cxml_node_list.c in Sources */ = {isa = PBXBuildFile; fileRef = 21814D5E0DD9F21700FFFF36 /* cxml_node_list.c */; };
		21814DBB0DD9F21700FFFF36 /* cxml_parser.c in Sources */ = {isa = PBXBuildFile; fileRef = 21814D5F0DD9F21700FFFF36 /* cxml_parser.c */; };
		21814DBC0DD9F21700FFFF36 /* cxml_parser_expat.c in Sources */ = {isa = PBXBuildFile; fileRef = 21814D600DD9F21700FFFF36 /* cxml_parser_expat.c */; };
		21814DBD0DD9F21700FFFF36 /* cxml_parser_libxml2.c in Sources */ = {isa = PBXBuildFile; fileRef = 21814D610DD9F21700FFFF36 /* cxml_parser_libxml2.c */; };
		21814DD00DD9F25800FFFF36 /* CGUpnpActionResponse.m in Sources */ = {isa = PBXBuildFile; fileRef = 21814DC70DD9F25800FFFF36 /* CGUpnpActionResponse.m */; };
		21814DD10DD9F25800FFFF36 /* CGUpnpControlPoint.m in Sources */ = {isa = PBXBuildFile; fileRef = 21814DC90DD9F25800FFFF36 /* CGUpnpControlPoint.m */; };
		21814DD20DD9F25800FFFF36 /* CGUpnpDevice.m in Sources */ = {isa = PBXBuildFile; fileRef = 21814DCB0DD9F25800FFFF36 /* CGUpnpDevice.m */; };
		21814DD30DD9F25800FFFF36 /* CGUpnpQueryResponse.m in Sources */ = {isa = PBXBuildFile; fileRef = 21814DCD0DD9F25800FFFF36 /* CGUpnpQueryResponse.m */; };
		21814DD40DD9F25800FFFF36 /* CGUpnpService.m in Sources */ = {isa = PBXBuildFile; fileRef = 21814DCF0DD9F25800FFFF36 /* CGUpnpService.m */; };
		21822E670DDB2ABF009B32CD /* CGUpnpAction.m in Sources */ = {isa = PBXBuildFile; fileRef = 21822E660DDB2ABF009B32CD /* CGUpnpAction.m */; };
		8DD76F9A0486AA7600D96B5E /* upnpdump.m in Sources */ = {isa = PBXBuildFile; fileRef = 08FB7796FE84155DC02AAC07 /* upnpdump.m */; settings = {ATTRIBUTES = (); }; };
		8DD76F9C0486AA7600D96B5E /* Foundation.framework in Frameworks */ = {isa = PBXBuildFile; fileRef = 08FB779EFE84155DC02AAC07 /* Foundation.framework */; };
		8DD76F9F0486AA7600D96B5E /* upnpdump.1 in CopyFiles */ = {isa = PBXBuildFile; fileRef = C6859EA3029092ED04C91782 /* upnpdump.1 */; };
/* End PBXBuildFile section */

/* Begin PBXCopyFilesBuildPhase section */
		8DD76F9E0486AA7600D96B5E /* CopyFiles */ = {
			isa = PBXCopyFilesBuildPhase;
			buildActionMask = 8;
			dstPath = /usr/share/man/man1/;
			dstSubfolderSpec = 0;
			files = (
				8DD76F9F0486AA7600D96B5E /* upnpdump.1 in CopyFiles */,
			);
			runOnlyForDeploymentPostprocessing = 1;
		};
/* End PBXCopyFilesBuildPhase section */

/* Begin PBXFileReference section */
		08FB7796FE84155DC02AAC07 /* upnpdump.m */ = {isa = PBXFileReference; fileEncoding = 4; lastKnownFileType = sourcecode.c.objc; path = upnpdump.m; sourceTree = "<group>"; };
		08FB779EFE84155DC02AAC07 /* Foundation.framework */ = {isa = PBXFileReference; lastKnownFileType = wrapper.framework; name = Foundation.framework; path = /System/Library/Frameworks/Foundation.framework; sourceTree = "<absolute>"; };
		21814CCC0DD9F1F600FFFF36 /* chttp.h */ = {isa = PBXFileReference; fileEncoding = 4; lastKnownFileType = sourcecode.c.h; path = chttp.h; sourceTree = "<group>"; };
		21814CCE0DD9F1F600FFFF36 /* cfile.h */ = {isa = PBXFileReference; fileEncoding = 4; lastKnownFileType = sourcecode.c.h; path = cfile.h; sourceTree = "<group>"; };
		21814CD00DD9F1F600FFFF36 /* cinterface.h */ = {isa = PBXFileReference; fileEncoding = 4; lastKnownFileType = sourcecode.c.h; path = cinterface.h; sourceTree = "<group>"; };
		21814CD10DD9F1F600FFFF36 /* csocket.h */ = {isa = PBXFileReference; fileEncoding = 4; lastKnownFileType = sourcecode.c.h; path = csocket.h; sourceTree = "<group>"; };
		21814CD20DD9F1F600FFFF36 /* curi.h */ = {isa = PBXFileReference; fileEncoding = 4; lastKnownFileType = sourcecode.c.h; path = curi.h; sourceTree = "<group>"; };
		21814CD30DD9F1F600FFFF36 /* curl.h */ = {isa = PBXFileReference; fileEncoding = 4; lastKnownFileType = sourcecode.c.h; path = curl.h; sourceTree = "<group>"; };
		21814CD50DD9F1F600FFFF36 /* csoap.h */ = {isa = PBXFileReference; fileEncoding = 4; lastKnownFileType = sourcecode.c.h; path = csoap.h; sourceTree = "<group>"; };
		21814CD60DD9F1F600FFFF36 /* typedef.h */ = {isa = PBXFileReference; fileEncoding = 4; lastKnownFileType = sourcecode.c.h; path = typedef.h; sourceTree = "<group>"; };
		21814CD80DD9F1F600FFFF36 /* caction.h */ = {isa = PBXFileReference; fileEncoding = 4; lastKnownFileType = sourcecode.c.h; path = caction.h; sourceTree = "<group>"; };
		21814CD90DD9F1F600FFFF36 /* cargument.h */ = {isa = PBXFileReference; fileEncoding = 4; lastKnownFileType = sourcecode.c.h; path = cargument.h; sourceTree = "<group>"; };
		21814CDA0DD9F1F600FFFF36 /* ccontrolpoint.h */ = {isa = PBXFileReference; fileEncoding = 4; lastKnownFileType = sourcecode.c.h; path = ccontrolpoint.h; sourceTree = "<group>"; };
		21814CDB0DD9F1F600FFFF36 /* cdevice.h */ = {isa = PBXFileReference; fileEncoding = 4; lastKnownFileType = sourcecode.c.h; path = cdevice.h; sourceTree = "<group>"; };
		21814CDC0DD9F1F600FFFF36 /* cicon.h */ = {isa = PBXFileReference; fileEncoding = 4; lastKnownFileType = sourcecode.c.h; path = cicon.h; sourceTree = "<group>"; };
		21814CDE0DD9F1F600FFFF36 /* ccontrol.h */ = {isa = PBXFileReference; fileEncoding = 4; lastKnownFileType = sourcecode.c.h; path = ccontrol.h; sourceTree = "<group>"; };
		21814CDF0DD9F1F600FFFF36 /* cservice.h */ = {isa = PBXFileReference; fileEncoding = 4; lastKnownFileType = sourcecode.c.h; path = cservice.h; sourceTree = "<group>"; };
		21814CE00DD9F1F600FFFF36 /* cstatevariable.h */ = {isa = PBXFileReference; fileEncoding = 4; lastKnownFileType = sourcecode.c.h; path = cstatevariable.h; sourceTree = "<group>"; };
		21814CE10DD9F1F600FFFF36 /* cupnp.h */ = {isa = PBXFileReference; fileEncoding = 4; lastKnownFileType = sourcecode.c.h; path = cupnp.h; sourceTree = "<group>"; };
		21814CE20DD9F1F600FFFF36 /* cupnp.h.in */ = {isa = PBXFileReference; fileEncoding = 4; lastKnownFileType = text; path = cupnp.h.in; sourceTree = "<group>"; };
		21814CE30DD9F1F600FFFF36 /* cupnp_function.h */ = {isa = PBXFileReference; fileEncoding = 4; lastKnownFileType = sourcecode.c.h; path = cupnp_function.h; sourceTree = "<group>"; };
		21814CE40DD9F1F600FFFF36 /* cupnp_limit.h */ = {isa = PBXFileReference; fileEncoding = 4; lastKnownFileType = sourcecode.c.h; path = cupnp_limit.h; sourceTree = "<group>"; };
		21814CE50DD9F1F600FFFF36 /* cupnp_status.h */ = {isa = PBXFileReference; fileEncoding = 4; lastKnownFileType = sourcecode.c.h; path = cupnp_status.h; sourceTree = "<group>"; };
		21814CE70DD9F1F600FFFF36 /* cevent.h */ = {isa = PBXFileReference; fileEncoding = 4; lastKnownFileType = sourcecode.c.h; path = cevent.h; sourceTree = "<group>"; };
		21814CE80DD9F1F600FFFF36 /* cnotify.h */ = {isa = PBXFileReference; fileEncoding = 4; lastKnownFileType = sourcecode.c.h; path = cnotify.h; sourceTree = "<group>"; };
		21814CE90DD9F1F600FFFF36 /* cproperty.h */ = {isa = PBXFileReference; fileEncoding = 4; lastKnownFileType = sourcecode.c.h; path = cproperty.h; sourceTree = "<group>"; };
		21814CEA0DD9F1F600FFFF36 /* csubscriber.h */ = {isa = PBXFileReference; fileEncoding = 4; lastKnownFileType = sourcecode.c.h; path = csubscriber.h; sourceTree = "<group>"; };
		21814CEB0DD9F1F600FFFF36 /* csubscription.h */ = {isa = PBXFileReference; fileEncoding = 4; lastKnownFileType = sourcecode.c.h; path = csubscription.h; sourceTree = "<group>"; };
		21814CED0DD9F1F600FFFF36 /* cssdp.h */ = {isa = PBXFileReference; fileEncoding = 4; lastKnownFileType = sourcecode.c.h; path = cssdp.h; sourceTree = "<group>"; };
		21814CEE0DD9F1F600FFFF36 /* cssdp_server.h */ = {isa = PBXFileReference; fileEncoding = 4; lastKnownFileType = sourcecode.c.h; path = cssdp_server.h; sourceTree = "<group>"; };
		21814CF00DD9F1F600FFFF36 /* ccond.h */ = {isa = PBXFileReference; fileEncoding = 4; lastKnownFileType = sourcecode.c.h; path = ccond.h; sourceTree = "<group>"; };
		21814CF10DD9F1F600FFFF36 /* clist.h */ = {isa = PBXFileReference; fileEncoding = 4; lastKnownFileType = sourcecode.c.h; path = clist.h; sourceTree = "<group>"; };
		21814CF20DD9F1F600FFFF36 /* clog.h */ = {isa = PBXFileReference; fileEncoding = 4; lastKnownFileType = sourcecode.c.h; path = clog.h; sourceTree = "<group>"; };
		21814CF30DD9F1F600FFFF36 /* cmutex.h */ = {isa = PBXFileReference; fileEncoding = 4; lastKnownFileType = sourcecode.c.h; path = cmutex.h; sourceTree = "<group>"; };
		21814CF40DD9F1F600FFFF36 /* cstring.h */ = {isa = PBXFileReference; fileEncoding = 4; lastKnownFileType = sourcecode.c.h; path = cstring.h; sourceTree = "<group>"; };
		21814CF50DD9F1F600FFFF36 /* cthread.h */ = {isa = PBXFileReference; fileEncoding = 4; lastKnownFileType = sourcecode.c.h; path = cthread.h; sourceTree = "<group>"; };
		21814CF60DD9F1F600FFFF36 /* ctime.h */ = {isa = PBXFileReference; fileEncoding = 4; lastKnownFileType = sourcecode.c.h; path = ctime.h; sourceTree = "<group>"; };
		21814CF80DD9F1F600FFFF36 /* cxml.h */ = {isa = PBXFileReference; fileEncoding = 4; lastKnownFileType = sourcecode.c.h; path = cxml.h; sourceTree = "<group>"; };
		21814CFD0DD9F21700FFFF36 /* chttp.c */ = {isa = PBXFileReference; fileEncoding = 4; lastKnownFileType = sourcecode.c.c; path = chttp.c; sourceTree = "<group>"; };
		21814CFE0DD9F21700FFFF36 /* chttp_date.c */ = {isa = PBXFileReference; fileEncoding = 4; lastKnownFileType = sourcecode.c.c; path = chttp_date.c; sourceTree = "<group>"; };
		21814CFF0DD9F21700FFFF36 /* chttp_header.c */ = {isa = PBXFileReference; fileEncoding = 4; lastKnownFileType = sourcecode.c.c; path = chttp_header.c; sourceTree = "<group>"; };
		21814D000DD9F21700FFFF36 /* chttp_header_list.c */ = {isa = PBXFileReference; fileEncoding = 4; lastKnownFileType = sourcecode.c.c; path = chttp_header_list.c; sourceTree = "<group>"; };
		21814D010DD9F21700FFFF36 /* chttp_packet.c */ = {isa = PBXFileReference; fileEncoding = 4; lastKnownFileType = sourcecode.c.c; path = chttp_packet.c; sourceTree = "<group>"; };
		21814D020DD9F21700FFFF36 /* chttp_persistent_connection.c */ = {isa = PBXFileReference; fileEncoding = 4; lastKnownFileType = sourcecode.c.c; path = chttp_persistent_connection.c; sourceTree = "<group>"; };
		21814D030DD9F21700FFFF36 /* chttp_request.c */ = {isa = PBXFileReference; fileEncoding = 4; lastKnownFileType = sourcecode.c.c; path = chttp_request.c; sourceTree = "<group>"; };
		21814D040DD9F21700FFFF36 /* chttp_response.c */ = {isa = PBXFileReference; fileEncoding = 4; lastKnownFileType = sourcecode.c.c; path = chttp_response.c; sourceTree = "<group>"; };
		21814D050DD9F21700FFFF36 /* chttp_server.c */ = {isa = PBXFileReference; fileEncoding = 4; lastKnownFileType = sourcecode.c.c; path = chttp_server.c; sourceTree = "<group>"; };
		21814D060DD9F21700FFFF36 /* chttp_server_list.c */ = {isa = PBXFileReference; fileEncoding = 4; lastKnownFileType = sourcecode.c.c; path = chttp_server_list.c; sourceTree = "<group>"; };
		21814D080DD9F21700FFFF36 /* cfile.c */ = {isa = PBXFileReference; fileEncoding = 4; lastKnownFileType = sourcecode.c.c; path = cfile.c; sourceTree = "<group>"; };
		21814D090DD9F21700FFFF36 /* cfile_list.c */ = {isa = PBXFileReference; fileEncoding = 4; lastKnownFileType = sourcecode.c.c; path = cfile_list.c; sourceTree = "<group>"; };
		21814D0B0DD9F21700FFFF36 /* cdatagram_packet.c */ = {isa = PBXFileReference; fileEncoding = 4; lastKnownFileType = sourcecode.c.c; path = cdatagram_packet.c; sourceTree = "<group>"; };
		21814D0C0DD9F21700FFFF36 /* cinterface.c */ = {isa = PBXFileReference; fileEncoding = 4; lastKnownFileType = sourcecode.c.c; path = cinterface.c; sourceTree = "<group>"; };
		21814D0D0DD9F21700FFFF36 /* cinterface_function.c */ = {isa = PBXFileReference; fileEncoding = 4; lastKnownFileType = sourcecode.c.c; path = cinterface_function.c; sourceTree = "<group>"; };
		21814D0E0DD9F21700FFFF36 /* cinterface_list.c */ = {isa = PBXFileReference; fileEncoding = 4; lastKnownFileType = sourcecode.c.c; path = cinterface_list.c; sourceTree = "<group>"; };
		21814D0F0DD9F21700FFFF36 /* cnet_function.c */ = {isa = PBXFileReference; fileEncoding = 4; lastKnownFileType = sourcecode.c.c; path = cnet_function.c; sourceTree = "<group>"; };
		21814D100DD9F21700FFFF36 /* csocket.c */ = {isa = PBXFileReference; fileEncoding = 4; lastKnownFileType = sourcecode.c.c; path = csocket.c; sourceTree = "<group>"; };
		21814D110DD9F21700FFFF36 /* csocket_list.c */ = {isa = PBXFileReference; fileEncoding = 4; lastKnownFileType = sourcecode.c.c; path = csocket_list.c; sourceTree = "<group>"; };
		21814D120DD9F21700FFFF36 /* curi.c */ = {isa = PBXFileReference; fileEncoding = 4; lastKnownFileType = sourcecode.c.c; path = curi.c; sourceTree = "<group>"; };
		21814D130DD9F21700FFFF36 /* curl.c */ = {isa = PBXFileReference; fileEncoding = 4; lastKnownFileType = sourcecode.c.c; path = curl.c; sourceTree = "<group>"; };
		21814D150DD9F21700FFFF36 /* csoap.c */ = {isa = PBXFileReference; fileEncoding = 4; lastKnownFileType = sourcecode.c.c; path = csoap.c; sourceTree = "<group>"; };
		21814D160DD9F21700FFFF36 /* csoap_request.c */ = {isa = PBXFileReference; fileEncoding = 4; lastKnownFileType = sourcecode.c.c; path = csoap_request.c; sourceTree = "<group>"; };
		21814D170DD9F21700FFFF36 /* csoap_response.c */ = {isa = PBXFileReference; fileEncoding = 4; lastKnownFileType = sourcecode.c.c; path = csoap_response.c; sourceTree = "<group>"; };
		21814D190DD9F21700FFFF36 /* caction.c */ = {isa = PBXFileReference; fileEncoding = 4; lastKnownFileType = sourcecode.c.c; path = caction.c; sourceTree = "<group>"; };
		21814D1A0DD9F21700FFFF36 /* caction_list.c */ = {isa = PBXFileReference; fileEncoding = 4; lastKnownFileType = sourcecode.c.c; path = caction_list.c; sourceTree = "<group>"; };
		21814D1B0DD9F21700FFFF36 /* cargument.c */ = {isa = PBXFileReference; fileEncoding = 4; lastKnownFileType = sourcecode.c.c; path = cargument.c; sourceTree = "<group>"; };
		21814D1C0DD9F21700FFFF36 /* cargument_list.c */ = {isa = PBXFileReference; fileEncoding = 4; lastKnownFileType = sourcecode.c.c; path = cargument_list.c; sourceTree = "<group>"; };
		21814D1D0DD9F21700FFFF36 /* ccontrolpoint.c */ = {isa = PBXFileReference; fileEncoding = 4; lastKnownFileType = sourcecode.c.c; path = ccontrolpoint.c; sourceTree = "<group>"; };
		21814D1E0DD9F21700FFFF36 /* ccontrolpoint_event.c */ = {isa = PBXFileReference; fileEncoding = 4; lastKnownFileType = sourcecode.c.c; path = ccontrolpoint_event.c; sourceTree = "<group>"; };
		21814D1F0DD9F21700FFFF36 /* ccontrolpoint_http_server.c */ = {isa = PBXFileReference; fileEncoding = 4; lastKnownFileType = sourcecode.c.c; path = ccontrolpoint_http_server.c; sourceTree = "<group>"; };
		21814D200DD9F21700FFFF36 /* cdevice.c */ = {isa = PBXFileReference; fileEncoding = 4; lastKnownFileType = sourcecode.c.c; path = cdevice.c; sourceTree = "<group>"; };
		21814D210DD9F21700FFFF36 /* cdevice_advertiser.c */ = {isa = PBXFileReference; fileEncoding = 4; lastKnownFileType = sourcecode.c.c; path = cdevice_advertiser.c; sourceTree = "<group>"; };
		21814D220DD9F21700FFFF36 /* cdevice_http_server.c */ = {isa = PBXFileReference; fileEncoding = 4; lastKnownFileType = sourcecode.c.c; path = cdevice_http_server.c; sourceTree = "<group>"; };
		21814D230DD9F21700FFFF36 /* cdevice_list.c */ = {isa = PBXFileReference; fileEncoding = 4; lastKnownFileType = sourcecode.c.c; path = cdevice_list.c; sourceTree = "<group>"; };
		21814D240DD9F21700FFFF36 /* cdevice_ssdp_server.c */ = {isa = PBXFileReference; fileEncoding = 4; lastKnownFileType = sourcecode.c.c; path = cdevice_ssdp_server.c; sourceTree = "<group>"; };
		21814D250DD9F21700FFFF36 /* cicon.c */ = {isa = PBXFileReference; fileEncoding = 4; lastKnownFileType = sourcecode.c.c; path = cicon.c; sourceTree = "<group>"; };
		21814D260DD9F21700FFFF36 /* cicon_list.c */ = {isa = PBXFileReference; fileEncoding = 4; lastKnownFileType = sourcecode.c.c; path = cicon_list.c; sourceTree = "<group>"; };
		21814D280DD9F21700FFFF36 /* caction_ctrl.c */ = {isa = PBXFileReference; fileEncoding = 4; lastKnownFileType = sourcecode.c.c; path = caction_ctrl.c; sourceTree = "<group>"; };
		21814D290DD9F21700FFFF36 /* caction_request.c */ = {isa = PBXFileReference; fileEncoding = 4; lastKnownFileType = sourcecode.c.c; path = caction_request.c; sourceTree = "<group>"; };
		21814D2A0DD9F21700FFFF36 /* caction_response.c */ = {isa = PBXFileReference; fileEncoding = 4; lastKnownFileType = sourcecode.c.c; path = caction_response.c; sourceTree = "<group>"; };
		21814D2B0DD9F21700FFFF36 /* ccontrol_function.c */ = {isa = PBXFileReference; fileEncoding = 4; lastKnownFileType = sourcecode.c.c; path = ccontrol_function.c; sourceTree = "<group>"; };
		21814D2C0DD9F21700FFFF36 /* cquery_ctrl.c */ = {isa = PBXFileReference; fileEncoding = 4; lastKnownFileType = sourcecode.c.c; path = cquery_ctrl.c; sourceTree = "<group>"; };
		21814D2D0DD9F21700FFFF36 /* cquery_request.c */ = {isa = PBXFileReference; fileEncoding = 4; lastKnownFileType = sourcecode.c.c; path = cquery_request.c; sourceTree = "<group>"; };
		21814D2E0DD9F21700FFFF36 /* cquery_response.c */ = {isa = PBXFileReference; fileEncoding = 4; lastKnownFileType = sourcecode.c.c; path = cquery_response.c; sourceTree = "<group>"; };
		21814D2F0DD9F21700FFFF36 /* cservice.c */ = {isa = PBXFileReference; fileEncoding = 4; lastKnownFileType = sourcecode.c.c; path = cservice.c; sourceTree = "<group>"; };
		21814D300DD9F21700FFFF36 /* cservice_list.c */ = {isa = PBXFileReference; fileEncoding = 4; lastKnownFileType = sourcecode.c.c; path = cservice_list.c; sourceTree = "<group>"; };
		21814D310DD9F21700FFFF36 /* cservice_notify.c */ = {isa = PBXFileReference; fileEncoding = 4; lastKnownFileType = sourcecode.c.c; path = cservice_notify.c; sourceTree = "<group>"; };
		21814D320DD9F21700FFFF36 /* cservice_ssdp_server.c */ = {isa = PBXFileReference; fileEncoding = 4; lastKnownFileType = sourcecode.c.c; path = cservice_ssdp_server.c; sourceTree = "<group>"; };
		21814D330DD9F21700FFFF36 /* cservicestate_table.c */ = {isa = PBXFileReference; fileEncoding = 4; lastKnownFileType = sourcecode.c.c; path = cservicestate_table.c; sourceTree = "<group>"; };
		21814D340DD9F21700FFFF36 /* cstatevariable.c */ = {isa = PBXFileReference; fileEncoding = 4; lastKnownFileType = sourcecode.c.c; path = cstatevariable.c; sourceTree = "<group>"; };
		21814D350DD9F21700FFFF36 /* cupnp_function.c */ = {isa = PBXFileReference; fileEncoding = 4; lastKnownFileType = sourcecode.c.c; path = cupnp_function.c; sourceTree = "<group>"; };
		21814D360DD9F21700FFFF36 /* cupnp_status.c */ = {isa = PBXFileReference; fileEncoding = 4; lastKnownFileType = sourcecode.c.c; path = cupnp_status.c; sourceTree = "<group>"; };
		21814D380DD9F21700FFFF36 /* ceventlistener_list.c */ = {isa = PBXFileReference; fileEncoding = 4; lastKnownFileType = sourcecode.c.c; path = ceventlistener_list.c; sourceTree = "<group>"; };
		21814D390DD9F21700FFFF36 /* cnotify_request.c */ = {isa = PBXFileReference; fileEncoding = 4; lastKnownFileType = sourcecode.c.c; path = cnotify_request.c; sourceTree = "<group>"; };
		21814D3A0DD9F21700FFFF36 /* cproperty.c */ = {isa = PBXFileReference; fileEncoding = 4; lastKnownFileType = sourcecode.c.c; path = cproperty.c; sourceTree = "<group>"; };
		21814D3B0DD9F21700FFFF36 /* cproperty_list.c */ = {isa = PBXFileReference; fileEncoding = 4; lastKnownFileType = sourcecode.c.c; path = cproperty_list.c; sourceTree = "<group>"; };
		21814D3C0DD9F21700FFFF36 /* csubscriber.c */ = {isa = PBXFileReference; fileEncoding = 4; lastKnownFileType = sourcecode.c.c; path = csubscriber.c; sourceTree = "<group>"; };
		21814D3D0DD9F21700FFFF36 /* csubscriber_list.c */ = {isa = PBXFileReference; fileEncoding = 4; lastKnownFileType = sourcecode.c.c; path = csubscriber_list.c; sourceTree = "<group>"; };
		21814D3E0DD9F21700FFFF36 /* csubscription.c */ = {isa = PBXFileReference; fileEncoding = 4; lastKnownFileType = sourcecode.c.c; path = csubscription.c; sourceTree = "<group>"; };
		21814D3F0DD9F21700FFFF36 /* csubscription_request.c */ = {isa = PBXFileReference; fileEncoding = 4; lastKnownFileType = sourcecode.c.c; path = csubscription_request.c; sourceTree = "<group>"; };
		21814D400DD9F21700FFFF36 /* csubscription_response.c */ = {isa = PBXFileReference; fileEncoding = 4; lastKnownFileType = sourcecode.c.c; path = csubscription_response.c; sourceTree = "<group>"; };
		21814D420DD9F21700FFFF36 /* chttpmu_socket.c */ = {isa = PBXFileReference; fileEncoding = 4; lastKnownFileType = sourcecode.c.c; path = chttpmu_socket.c; sourceTree = "<group>"; };
		21814D430DD9F21700FFFF36 /* chttpu_socket.c */ = {isa = PBXFileReference; fileEncoding = 4; lastKnownFileType = sourcecode.c.c; path = chttpu_socket.c; sourceTree = "<group>"; };
		21814D440DD9F21700FFFF36 /* cssdp.c */ = {isa = PBXFileReference; fileEncoding = 4; lastKnownFileType = sourcecode.c.c; path = cssdp.c; sourceTree = "<group>"; };
		21814D450DD9F21700FFFF36 /* cssdp_packet.c */ = {isa = PBXFileReference; fileEncoding = 4; lastKnownFileType = sourcecode.c.c; path = cssdp_packet.c; sourceTree = "<group>"; };
		21814D460DD9F21700FFFF36 /* cssdp_request.c */ = {isa = PBXFileReference; fileEncoding = 4; lastKnownFileType = sourcecode.c.c; path = cssdp_request.c; sourceTree = "<group>"; };
		21814D470DD9F21700FFFF36 /* cssdp_response.c */ = {isa = PBXFileReference; fileEncoding = 4; lastKnownFileType = sourcecode.c.c; path = cssdp_response.c; sourceTree = "<group>"; };
		21814D480DD9F21700FFFF36 /* cssdp_response_server.c */ = {isa = PBXFileReference; fileEncoding = 4; lastKnownFileType = sourcecode.c.c; path = cssdp_response_server.c; sourceTree = "<group>"; };
		21814D490DD9F21700FFFF36 /* cssdp_response_server_list.c */ = {isa = PBXFileReference; fileEncoding = 4; lastKnownFileType = sourcecode.c.c; path = cssdp_response_server_list.c; sourceTree = "<group>"; };
		21814D4A0DD9F21700FFFF36 /* cssdp_server.c */ = {isa = PBXFileReference; fileEncoding = 4; lastKnownFileType = sourcecode.c.c; path = cssdp_server.c; sourceTree = "<group>"; };
		21814D4B0DD9F21700FFFF36 /* cssdp_server_list.c */ = {isa = PBXFileReference; fileEncoding = 4; lastKnownFileType = sourcecode.c.c; path = cssdp_server_list.c; sourceTree = "<group>"; };
		21814D4C0DD9F21700FFFF36 /* cssdp_socket.c */ = {isa = PBXFileReference; fileEncoding = 4; lastKnownFileType = sourcecode.c.c; path = cssdp_socket.c; sourceTree = "<group>"; };
		21814D4E0DD9F21700FFFF36 /* ccond.c */ = {isa = PBXFileReference; fileEncoding = 4; lastKnownFileType = sourcecode.c.c; path = ccond.c; sourceTree = "<group>"; };
		21814D4F0DD9F21700FFFF36 /* clist.c */ = {isa = PBXFileReference; fileEncoding = 4; lastKnownFileType = sourcecode.c.c; path = clist.c; sourceTree = "<group>"; };
		21814D500DD9F21700FFFF36 /* clog.c */ = {isa = PBXFileReference; fileEncoding = 4; lastKnownFileType = sourcecode.c.c; path = clog.c; sourceTree = "<group>"; };
		21814D510DD9F21700FFFF36 /* cmutex.c */ = {isa = PBXFileReference; fileEncoding = 4; lastKnownFileType = sourcecode.c.c; path = cmutex.c; sourceTree = "<group>"; };
		21814D520DD9F21700FFFF36 /* cstring.c */ = {isa = PBXFileReference; fileEncoding = 4; lastKnownFileType = sourcecode.c.c; path = cstring.c; sourceTree = "<group>"; };
		21814D530DD9F21700FFFF36 /* cstring_function.c */ = {isa = PBXFileReference; fileEncoding = 4; lastKnownFileType = sourcecode.c.c; path = cstring_function.c; sourceTree = "<group>"; };
		21814D540DD9F21700FFFF36 /* cstring_tokenizer.c */ = {isa = PBXFileReference; fileEncoding = 4; lastKnownFileType = sourcecode.c.c; path = cstring_tokenizer.c; sourceTree = "<group>"; };
		21814D550DD9F21700FFFF36 /* cthread.c */ = {isa = PBXFileReference; fileEncoding = 4; lastKnownFileType = sourcecode.c.c; path = cthread.c; sourceTree = "<group>"; };
		21814D560DD9F21700FFFF36 /* cthread_list.c */ = {isa = PBXFileReference; fileEncoding = 4; lastKnownFileType = sourcecode.c.c; path = cthread_list.c; sourceTree = "<group>"; };
		21814D570DD9F21700FFFF36 /* ctime.c */ = {isa = PBXFileReference; fileEncoding = 4; lastKnownFileType = sourcecode.c.c; path = ctime.c; sourceTree = "<group>"; };
		21814D580DD9F21700FFFF36 /* ctime_wince.c */ = {isa = PBXFileReference; fileEncoding = 4; lastKnownFileType = sourcecode.c.c; path = ctime_wince.c; sourceTree = "<group>"; };
		21814D5A0DD9F21700FFFF36 /* cxml_attribute.c */ = {isa = PBXFileReference; fileEncoding = 4; lastKnownFileType = sourcecode.c.c; path = cxml_attribute.c; sourceTree = "<group>"; };
		21814D5B0DD9F21700FFFF36 /* cxml_attribute_list.c */ = {isa = PBXFileReference; fileEncoding = 4; lastKnownFileType = sourcecode.c.c; path = cxml_attribute_list.c; sourceTree = "<group>"; };
		21814D5C0DD9F21700FFFF36 /* cxml_function.c */ = {isa = PBXFileReference; fileEncoding = 4; lastKnownFileType = sourcecode.c.c; path = cxml_function.c; sourceTree = "<group>"; };
		21814D5D0DD9F21700FFFF36 /* cxml_node.c */ = {isa = PBXFileReference; fileEncoding = 4; lastKnownFileType = sourcecode.c.c; path = cxml_node.c; sourceTree = "<group>"; };
		21814D5E0DD9F21700FFFF36 /* cxml_node_list.c */ = {isa = PBXFileReference; fileEncoding = 4; lastKnownFileType = sourcecode.c.c; path = cxml_node_list.c; sourceTree = "<group>"; };
		21814D5F0DD9F21700FFFF36 /* cxml_parser.c */ = {isa = PBXFileReference; fileEncoding = 4; lastKnownFileType = sourcecode.c.c; path = cxml_parser.c; sourceTree = "<group>"; };
		21814D600DD9F21700FFFF36 /* cxml_parser_expat.c */ = {isa = PBXFileReference; fileEncoding = 4; lastKnownFileType = sourcecode.c.c; path = cxml_parser_expat.c; sourceTree = "<group>"; };
		21814D610DD9F21700FFFF36 /* cxml_parser_libxml2.c */ = {isa = PBXFileReference; fileEncoding = 4; lastKnownFileType = sourcecode.c.c; path = cxml_parser_libxml2.c; sourceTree = "<group>"; };
		21814DC50DD9F25800FFFF36 /* CGUpnp.h */ = {isa = PBXFileReference; fileEncoding = 4; lastKnownFileType = sourcecode.c.h; path = CGUpnp.h; sourceTree = "<group>"; };
		21814DC60DD9F25800FFFF36 /* CGUpnpActionResponse.h */ = {isa = PBXFileReference; fileEncoding = 4; lastKnownFileType = sourcecode.c.h; path = CGUpnpActionResponse.h; sourceTree = "<group>"; };
		21814DC70DD9F25800FFFF36 /* CGUpnpActionResponse.m */ = {isa = PBXFileReference; fileEncoding = 4; lastKnownFileType = sourcecode.c.objc; path = CGUpnpActionResponse.m; sourceTree = "<group>"; };
		21814DC80DD9F25800FFFF36 /* CGUpnpControlPoint.h */ = {isa = PBXFileReference; fileEncoding = 4; lastKnownFileType = sourcecode.c.h; path = CGUpnpControlPoint.h; sourceTree = "<group>"; };
		21814DC90DD9F25800FFFF36 /* CGUpnpControlPoint.m */ = {isa = PBXFileReference; fileEncoding = 4; lastKnownFileType = sourcecode.c.objc; path = CGUpnpControlPoint.m; sourceTree = "<group>"; };
		21814DCA0DD9F25800FFFF36 /* CGUpnpDevice.h */ = {isa = PBXFileReference; fileEncoding = 4; lastKnownFileType = sourcecode.c.h; path = CGUpnpDevice.h; sourceTree = "<group>"; };
		21814DCB0DD9F25800FFFF36 /* CGUpnpDevice.m */ = {isa = PBXFileReference; fileEncoding = 4; lastKnownFileType = sourcecode.c.objc; path = CGUpnpDevice.m; sourceTree = "<group>"; };
		21814DCC0DD9F25800FFFF36 /* CGUpnpQueryResponse.h */ = {isa = PBXFileReference; fileEncoding = 4; lastKnownFileType = sourcecode.c.h; path = CGUpnpQueryResponse.h; sourceTree = "<group>"; };
		21814DCD0DD9F25800FFFF36 /* CGUpnpQueryResponse.m */ = {isa = PBXFileReference; fileEncoding = 4; lastKnownFileType = sourcecode.c.objc; path = CGUpnpQueryResponse.m; sourceTree = "<group>"; };
		21814DCE0DD9F25800FFFF36 /* CGUpnpService.h */ = {isa = PBXFileReference; fileEncoding = 4; lastKnownFileType = sourcecode.c.h; path = CGUpnpService.h; sourceTree = "<group>"; };
		21814DCF0DD9F25800FFFF36 /* CGUpnpService.m */ = {isa = PBXFileReference; fileEncoding = 4; lastKnownFileType = sourcecode.c.objc; path = CGUpnpService.m; sourceTree = "<group>"; };
		21822E650DDB2ABF009B32CD /* CGUpnpAction.h */ = {isa = PBXFileReference; fileEncoding = 4; lastKnownFileType = sourcecode.c.h; path = CGUpnpAction.h; sourceTree = "<group>"; };
		21822E660DDB2ABF009B32CD /* CGUpnpAction.m */ = {isa = PBXFileReference; fileEncoding = 4; lastKnownFileType = sourcecode.c.objc; path = CGUpnpAction.m; sourceTree = "<group>"; };
		32A70AAB03705E1F00C91783 /* upnpdump_Prefix.pch */ = {isa = PBXFileReference; fileEncoding = 4; lastKnownFileType = sourcecode.c.h; path = upnpdump_Prefix.pch; sourceTree = "<group>"; };
		8DD76FA10486AA7600D96B5E /* upnpdump */ = {isa = PBXFileReference; explicitFileType = "compiled.mach-o.executable"; includeInIndex = 0; path = upnpdump; sourceTree = BUILT_PRODUCTS_DIR; };
		C6859EA3029092ED04C91782 /* upnpdump.1 */ = {isa = PBXFileReference; lastKnownFileType = text.man; path = upnpdump.1; sourceTree = "<group>"; };
/* End PBXFileReference section */

/* Begin PBXFrameworksBuildPhase section */
		8DD76F9B0486AA7600D96B5E /* Frameworks */ = {
			isa = PBXFrameworksBuildPhase;
			buildActionMask = 2147483647;
			files = (
				8DD76F9C0486AA7600D96B5E /* Foundation.framework in Frameworks */,
			);
			runOnlyForDeploymentPostprocessing = 0;
		};
/* End PBXFrameworksBuildPhase section */

/* Begin PBXGroup section */
		08FB7794FE84155DC02AAC07 /* upnpdump */ = {
			isa = PBXGroup;
			children = (
				21814DC00DD9F22100FFFF36 /* Framework Source */,
				21814CB50DD9F19200FFFF36 /* C Header */,
				21814CC50DD9F1BA00FFFF36 /* C Source */,
				08FB7795FE84155DC02AAC07 /* Source */,
				C6859EA2029092E104C91782 /* Documentation */,
				08FB779DFE84155DC02AAC07 /* External Frameworks and Libraries */,
				1AB674ADFE9D54B511CA2CBB /* Products */,
			);
			name = upnpdump;
			sourceTree = "<group>";
		};
		08FB7795FE84155DC02AAC07 /* Source */ = {
			isa = PBXGroup;
			children = (
				32A70AAB03705E1F00C91783 /* upnpdump_Prefix.pch */,
				08FB7796FE84155DC02AAC07 /* upnpdump.m */,
			);
			name = Source;
			sourceTree = "<group>";
		};
		08FB779DFE84155DC02AAC07 /* External Frameworks and Libraries */ = {
			isa = PBXGroup;
			children = (
				08FB779EFE84155DC02AAC07 /* Foundation.framework */,
			);
			name = "External Frameworks and Libraries";
			sourceTree = "<group>";
		};
		1AB674ADFE9D54B511CA2CBB /* Products */ = {
			isa = PBXGroup;
			children = (
				8DD76FA10486AA7600D96B5E /* upnpdump */,
			);
			name = Products;
			sourceTree = "<group>";
		};
		21814CB50DD9F19200FFFF36 /* C Header */ = {
			isa = PBXGroup;
			children = (
				21814CCA0DD9F1F600FFFF36 /* cybergarage */,
			);
			name = "C Header";
			sourceTree = "<group>";
		};
		21814CC50DD9F1BA00FFFF36 /* C Source */ = {
			isa = PBXGroup;
			children = (
				21814CFB0DD9F21700FFFF36 /* cybergarage */,
			);
			name = "C Source";
			sourceTree = "<group>";
		};
		21814CCA0DD9F1F600FFFF36 /* cybergarage */ = {
			isa = PBXGroup;
			children = (
				21814CCB0DD9F1F600FFFF36 /* http */,
				21814CCD0DD9F1F600FFFF36 /* io */,
				21814CCF0DD9F1F600FFFF36 /* net */,
				21814CD40DD9F1F600FFFF36 /* soap */,
				21814CD60DD9F1F600FFFF36 /* typedef.h */,
				21814CD70DD9F1F600FFFF36 /* upnp */,
				21814CEF0DD9F1F600FFFF36 /* util */,
				21814CF70DD9F1F600FFFF36 /* xml */,
			);
			name = cybergarage;
			path = ../../../../include/cybergarage;
			sourceTree = SOURCE_ROOT;
		};
		21814CCB0DD9F1F600FFFF36 /* http */ = {
			isa = PBXGroup;
			children = (
				21814CCC0DD9F1F600FFFF36 /* chttp.h */,
			);
			path = http;
			sourceTree = "<group>";
		};
		21814CCD0DD9F1F600FFFF36 /* io */ = {
			isa = PBXGroup;
			children = (
				21814CCE0DD9F1F600FFFF36 /* cfile.h */,
			);
			path = io;
			sourceTree = "<group>";
		};
		21814CCF0DD9F1F600FFFF36 /* net */ = {
			isa = PBXGroup;
			children = (
				21814CD00DD9F1F600FFFF36 /* cinterface.h */,
				21814CD10DD9F1F600FFFF36 /* csocket.h */,
				21814CD20DD9F1F600FFFF36 /* curi.h */,
				21814CD30DD9F1F600FFFF36 /* curl.h */,
			);
			path = net;
			sourceTree = "<group>";
		};
		21814CD40DD9F1F600FFFF36 /* soap */ = {
			isa = PBXGroup;
			children = (
				21814CD50DD9F1F600FFFF36 /* csoap.h */,
			);
			path = soap;
			sourceTree = "<group>";
		};
		21814CD70DD9F1F600FFFF36 /* upnp */ = {
			isa = PBXGroup;
			children = (
				21814CD80DD9F1F600FFFF36 /* caction.h */,
				21814CD90DD9F1F600FFFF36 /* cargument.h */,
				21814CDA0DD9F1F600FFFF36 /* ccontrolpoint.h */,
				21814CDB0DD9F1F600FFFF36 /* cdevice.h */,
				21814CDC0DD9F1F600FFFF36 /* cicon.h */,
				21814CDD0DD9F1F600FFFF36 /* control */,
				21814CDF0DD9F1F600FFFF36 /* cservice.h */,
				21814CE00DD9F1F600FFFF36 /* cstatevariable.h */,
				21814CE10DD9F1F600FFFF36 /* cupnp.h */,
				21814CE20DD9F1F600FFFF36 /* cupnp.h.in */,
				21814CE30DD9F1F600FFFF36 /* cupnp_function.h */,
				21814CE40DD9F1F600FFFF36 /* cupnp_limit.h */,
				21814CE50DD9F1F600FFFF36 /* cupnp_status.h */,
				21814CE60DD9F1F600FFFF36 /* event */,
				21814CEC0DD9F1F600FFFF36 /* ssdp */,
			);
			path = upnp;
			sourceTree = "<group>";
		};
		21814CDD0DD9F1F600FFFF36 /* control */ = {
			isa = PBXGroup;
			children = (
				21814CDE0DD9F1F600FFFF36 /* ccontrol.h */,
			);
			path = control;
			sourceTree = "<group>";
		};
		21814CE60DD9F1F600FFFF36 /* event */ = {
			isa = PBXGroup;
			children = (
				21814CE70DD9F1F600FFFF36 /* cevent.h */,
				21814CE80DD9F1F600FFFF36 /* cnotify.h */,
				21814CE90DD9F1F600FFFF36 /* cproperty.h */,
				21814CEA0DD9F1F600FFFF36 /* csubscriber.h */,
				21814CEB0DD9F1F600FFFF36 /* csubscription.h */,
			);
			path = event;
			sourceTree = "<group>";
		};
		21814CEC0DD9F1F600FFFF36 /* ssdp */ = {
			isa = PBXGroup;
			children = (
				21814CED0DD9F1F600FFFF36 /* cssdp.h */,
				21814CEE0DD9F1F600FFFF36 /* cssdp_server.h */,
			);
			path = ssdp;
			sourceTree = "<group>";
		};
		21814CEF0DD9F1F600FFFF36 /* util */ = {
			isa = PBXGroup;
			children = (
				21814CF00DD9F1F600FFFF36 /* ccond.h */,
				21814CF10DD9F1F600FFFF36 /* clist.h */,
				21814CF20DD9F1F600FFFF36 /* clog.h */,
				21814CF30DD9F1F600FFFF36 /* cmutex.h */,
				21814CF40DD9F1F600FFFF36 /* cstring.h */,
				21814CF50DD9F1F600FFFF36 /* cthread.h */,
				21814CF60DD9F1F600FFFF36 /* ctime.h */,
			);
			path = util;
			sourceTree = "<group>";
		};
		21814CF70DD9F1F600FFFF36 /* xml */ = {
			isa = PBXGroup;
			children = (
				21814CF80DD9F1F600FFFF36 /* cxml.h */,
			);
			path = xml;
			sourceTree = "<group>";
		};
		21814CFB0DD9F21700FFFF36 /* cybergarage */ = {
			isa = PBXGroup;
			children = (
				21814CFC0DD9F21700FFFF36 /* http */,
				21814D070DD9F21700FFFF36 /* io */,
				21814D0A0DD9F21700FFFF36 /* net */,
				21814D140DD9F21700FFFF36 /* soap */,
				21814D180DD9F21700FFFF36 /* upnp */,
				21814D4D0DD9F21700FFFF36 /* util */,
				21814D590DD9F21700FFFF36 /* xml */,
			);
			name = cybergarage;
			path = ../../../../src/cybergarage;
			sourceTree = SOURCE_ROOT;
		};
		21814CFC0DD9F21700FFFF36 /* http */ = {
			isa = PBXGroup;
			children = (
				21814CFD0DD9F21700FFFF36 /* chttp.c */,
				21814CFE0DD9F21700FFFF36 /* chttp_date.c */,
				21814CFF0DD9F21700FFFF36 /* chttp_header.c */,
				21814D000DD9F21700FFFF36 /* chttp_header_list.c */,
				21814D010DD9F21700FFFF36 /* chttp_packet.c */,
				21814D020DD9F21700FFFF36 /* chttp_persistent_connection.c */,
				21814D030DD9F21700FFFF36 /* chttp_request.c */,
				21814D040DD9F21700FFFF36 /* chttp_response.c */,
				21814D050DD9F21700FFFF36 /* chttp_server.c */,
				21814D060DD9F21700FFFF36 /* chttp_server_list.c */,
			);
			path = http;
			sourceTree = "<group>";
		};
		21814D070DD9F21700FFFF36 /* io */ = {
			isa = PBXGroup;
			children = (
				21814D080DD9F21700FFFF36 /* cfile.c */,
				21814D090DD9F21700FFFF36 /* cfile_list.c */,
			);
			path = io;
			sourceTree = "<group>";
		};
		21814D0A0DD9F21700FFFF36 /* net */ = {
			isa = PBXGroup;
			children = (
				21814D0B0DD9F21700FFFF36 /* cdatagram_packet.c */,
				21814D0C0DD9F21700FFFF36 /* cinterface.c */,
				21814D0D0DD9F21700FFFF36 /* cinterface_function.c */,
				21814D0E0DD9F21700FFFF36 /* cinterface_list.c */,
				21814D0F0DD9F21700FFFF36 /* cnet_function.c */,
				21814D100DD9F21700FFFF36 /* csocket.c */,
				21814D110DD9F21700FFFF36 /* csocket_list.c */,
				21814D120DD9F21700FFFF36 /* curi.c */,
				21814D130DD9F21700FFFF36 /* curl.c */,
			);
			path = net;
			sourceTree = "<group>";
		};
		21814D140DD9F21700FFFF36 /* soap */ = {
			isa = PBXGroup;
			children = (
				21814D150DD9F21700FFFF36 /* csoap.c */,
				21814D160DD9F21700FFFF36 /* csoap_request.c */,
				21814D170DD9F21700FFFF36 /* csoap_response.c */,
			);
			path = soap;
			sourceTree = "<group>";
		};
		21814D180DD9F21700FFFF36 /* upnp */ = {
			isa = PBXGroup;
			children = (
				21814D190DD9F21700FFFF36 /* caction.c */,
				21814D1A0DD9F21700FFFF36 /* caction_list.c */,
				21814D1B0DD9F21700FFFF36 /* cargument.c */,
				21814D1C0DD9F21700FFFF36 /* cargument_list.c */,
				21814D1D0DD9F21700FFFF36 /* ccontrolpoint.c */,
				21814D1E0DD9F21700FFFF36 /* ccontrolpoint_event.c */,
				21814D1F0DD9F21700FFFF36 /* ccontrolpoint_http_server.c */,
				21814D200DD9F21700FFFF36 /* cdevice.c */,
				21814D210DD9F21700FFFF36 /* cdevice_advertiser.c */,
				21814D220DD9F21700FFFF36 /* cdevice_http_server.c */,
				21814D230DD9F21700FFFF36 /* cdevice_list.c */,
				21814D240DD9F21700FFFF36 /* cdevice_ssdp_server.c */,
				21814D250DD9F21700FFFF36 /* cicon.c */,
				21814D260DD9F21700FFFF36 /* cicon_list.c */,
				21814D270DD9F21700FFFF36 /* control */,
				21814D2F0DD9F21700FFFF36 /* cservice.c */,
				21814D300DD9F21700FFFF36 /* cservice_list.c */,
				21814D310DD9F21700FFFF36 /* cservice_notify.c */,
				21814D320DD9F21700FFFF36 /* cservice_ssdp_server.c */,
				21814D330DD9F21700FFFF36 /* cservicestate_table.c */,
				21814D340DD9F21700FFFF36 /* cstatevariable.c */,
				21814D350DD9F21700FFFF36 /* cupnp_function.c */,
				21814D360DD9F21700FFFF36 /* cupnp_status.c */,
				21814D370DD9F21700FFFF36 /* event */,
				21814D410DD9F21700FFFF36 /* ssdp */,
			);
			path = upnp;
			sourceTree = "<group>";
		};
		21814D270DD9F21700FFFF36 /* control */ = {
			isa = PBXGroup;
			children = (
				21814D280DD9F21700FFFF36 /* caction_ctrl.c */,
				21814D290DD9F21700FFFF36 /* caction_request.c */,
				21814D2A0DD9F21700FFFF36 /* caction_response.c */,
				21814D2B0DD9F21700FFFF36 /* ccontrol_function.c */,
				21814D2C0DD9F21700FFFF36 /* cquery_ctrl.c */,
				21814D2D0DD9F21700FFFF36 /* cquery_request.c */,
				21814D2E0DD9F21700FFFF36 /* cquery_response.c */,
			);
			path = control;
			sourceTree = "<group>";
		};
		21814D370DD9F21700FFFF36 /* event */ = {
			isa = PBXGroup;
			children = (
				21814D380DD9F21700FFFF36 /* ceventlistener_list.c */,
				21814D390DD9F21700FFFF36 /* cnotify_request.c */,
				21814D3A0DD9F21700FFFF36 /* cproperty.c */,
				21814D3B0DD9F21700FFFF36 /* cproperty_list.c */,
				21814D3C0DD9F21700FFFF36 /* csubscriber.c */,
				21814D3D0DD9F21700FFFF36 /* csubscriber_list.c */,
				21814D3E0DD9F21700FFFF36 /* csubscription.c */,
				21814D3F0DD9F21700FFFF36 /* csubscription_request.c */,
				21814D400DD9F21700FFFF36 /* csubscription_response.c */,
			);
			path = event;
			sourceTree = "<group>";
		};
		21814D410DD9F21700FFFF36 /* ssdp */ = {
			isa = PBXGroup;
			children = (
				21814D420DD9F21700FFFF36 /* chttpmu_socket.c */,
				21814D430DD9F21700FFFF36 /* chttpu_socket.c */,
				21814D440DD9F21700FFFF36 /* cssdp.c */,
				21814D450DD9F21700FFFF36 /* cssdp_packet.c */,
				21814D460DD9F21700FFFF36 /* cssdp_request.c */,
				21814D470DD9F21700FFFF36 /* cssdp_response.c */,
				21814D480DD9F21700FFFF36 /* cssdp_response_server.c */,
				21814D490DD9F21700FFFF36 /* cssdp_response_server_list.c */,
				21814D4A0DD9F21700FFFF36 /* cssdp_server.c */,
				21814D4B0DD9F21700FFFF36 /* cssdp_server_list.c */,
				21814D4C0DD9F21700FFFF36 /* cssdp_socket.c */,
			);
			path = ssdp;
			sourceTree = "<group>";
		};
		21814D4D0DD9F21700FFFF36 /* util */ = {
			isa = PBXGroup;
			children = (
				21814D4E0DD9F21700FFFF36 /* ccond.c */,
				21814D4F0DD9F21700FFFF36 /* clist.c */,
				21814D500DD9F21700FFFF36 /* clog.c */,
				21814D510DD9F21700FFFF36 /* cmutex.c */,
				21814D520DD9F21700FFFF36 /* cstring.c */,
				21814D530DD9F21700FFFF36 /* cstring_function.c */,
				21814D540DD9F21700FFFF36 /* cstring_tokenizer.c */,
				21814D550DD9F21700FFFF36 /* cthread.c */,
				21814D560DD9F21700FFFF36 /* cthread_list.c */,
				21814D570DD9F21700FFFF36 /* ctime.c */,
				21814D580DD9F21700FFFF36 /* ctime_wince.c */,
			);
			path = util;
			sourceTree = "<group>";
		};
		21814D590DD9F21700FFFF36 /* xml */ = {
			isa = PBXGroup;
			children = (
				21814D5A0DD9F21700FFFF36 /* cxml_attribute.c */,
				21814D5B0DD9F21700FFFF36 /* cxml_attribute_list.c */,
				21814D5C0DD9F21700FFFF36 /* cxml_function.c */,
				21814D5D0DD9F21700FFFF36 /* cxml_node.c */,
				21814D5E0DD9F21700FFFF36 /* cxml_node_list.c */,
				21814D5F0DD9F21700FFFF36 /* cxml_parser.c */,
				21814D600DD9F21700FFFF36 /* cxml_parser_expat.c */,
				21814D610DD9F21700FFFF36 /* cxml_parser_libxml2.c */,
			);
			path = xml;
			sourceTree = "<group>";
		};
		21814DC00DD9F22100FFFF36 /* Framework Source */ = {
			isa = PBXGroup;
			children = (
				21814DC30DD9F25800FFFF36 /* CyberGarage */,
			);
			name = "Framework Source";
			sourceTree = "<group>";
		};
		21814DC30DD9F25800FFFF36 /* CyberGarage */ = {
			isa = PBXGroup;
			children = (
				21814DC40DD9F25800FFFF36 /* UPnP */,
			);
			name = CyberGarage;
			path = ../../../../wrapper/objc/CyberGarage;
			sourceTree = SOURCE_ROOT;
		};
		21814DC40DD9F25800FFFF36 /* UPnP */ = {
			isa = PBXGroup;
			children = (
				21814DC50DD9F25800FFFF36 /* CGUpnp.h */,
				21814DC60DD9F25800FFFF36 /* CGUpnpActionResponse.h */,
				21814DC70DD9F25800FFFF36 /* CGUpnpActionResponse.m */,
				21814DC80DD9F25800FFFF36 /* CGUpnpControlPoint.h */,
				21814DC90DD9F25800FFFF36 /* CGUpnpControlPoint.m */,
				21814DCA0DD9F25800FFFF36 /* CGUpnpDevice.h */,
				21814DCB0DD9F25800FFFF36 /* CGUpnpDevice.m */,
				21814DCC0DD9F25800FFFF36 /* CGUpnpQueryResponse.h */,
				21814DCD0DD9F25800FFFF36 /* CGUpnpQueryResponse.m */,
				21814DCE0DD9F25800FFFF36 /* CGUpnpService.h */,
				21814DCF0DD9F25800FFFF36 /* CGUpnpService.m */,
				21822E650DDB2ABF009B32CD /* CGUpnpAction.h */,
				21822E660DDB2ABF009B32CD /* CGUpnpAction.m */,
			);
			path = UPnP;
			sourceTree = "<group>";
		};
		C6859EA2029092E104C91782 /* Documentation */ = {
			isa = PBXGroup;
			children = (
				C6859EA3029092ED04C91782 /* upnpdump.1 */,
			);
			name = Documentation;
			sourceTree = "<group>";
		};
/* End PBXGroup section */

/* Begin PBXNativeTarget section */
		8DD76F960486AA7600D96B5E /* upnpdump */ = {
			isa = PBXNativeTarget;
			buildConfigurationList = 1DEB927408733DD40010E9CD /* Build configuration list for PBXNativeTarget "upnpdump" */;
			buildPhases = (
				8DD76F990486AA7600D96B5E /* Sources */,
				8DD76F9B0486AA7600D96B5E /* Frameworks */,
				8DD76F9E0486AA7600D96B5E /* CopyFiles */,
			);
			buildRules = (
			);
			dependencies = (
			);
			name = upnpdump;
			productInstallPath = "$(HOME)/bin";
			productName = upnpdump;
			productReference = 8DD76FA10486AA7600D96B5E /* upnpdump */;
			productType = "com.apple.product-type.tool";
		};
/* End PBXNativeTarget section */

/* Begin PBXProject section */
		08FB7793FE84155DC02AAC07 /* Project object */ = {
			isa = PBXProject;
			buildConfigurationList = 1DEB927808733DD40010E9CD /* Build configuration list for PBXProject "upnpdump" */;
			compatibilityVersion = "Xcode 3.0";
			hasScannedForEncodings = 1;
			mainGroup = 08FB7794FE84155DC02AAC07 /* upnpdump */;
			projectDirPath = "";
			projectRoot = "";
			targets = (
				8DD76F960486AA7600D96B5E /* upnpdump */,
			);
		};
/* End PBXProject section */

/* Begin PBXSourcesBuildPhase section */
		8DD76F990486AA7600D96B5E /* Sources */ = {
			isa = PBXSourcesBuildPhase;
			buildActionMask = 2147483647;
			files = (
				8DD76F9A0486AA7600D96B5E /* upnpdump.m in Sources */,
				21814D620DD9F21700FFFF36 /* chttp.c in Sources */,
				21814D630DD9F21700FFFF36 /* chttp_date.c in Sources */,
				21814D640DD9F21700FFFF36 /* chttp_header.c in Sources */,
				21814D650DD9F21700FFFF36 /* chttp_header_list.c in Sources */,
				21814D660DD9F21700FFFF36 /* chttp_packet.c in Sources */,
				21814D670DD9F21700FFFF36 /* chttp_persistent_connection.c in Sources */,
				21814D680DD9F21700FFFF36 /* chttp_request.c in Sources */,
				21814D690DD9F21700FFFF36 /* chttp_response.c in Sources */,
				21814D6A0DD9F21700FFFF36 /* chttp_server.c in Sources */,
				21814D6B0DD9F21700FFFF36 /* chttp_server_list.c in Sources */,
				21814D6C0DD9F21700FFFF36 /* cfile.c in Sources */,
				21814D6D0DD9F21700FFFF36 /* cfile_list.c in Sources */,
				21814D6E0DD9F21700FFFF36 /* cdatagram_packet.c in Sources */,
				21814D6F0DD9F21700FFFF36 /* cinterface.c in Sources */,
				21814D700DD9F21700FFFF36 /* cinterface_function.c in Sources */,
				21814D710DD9F21700FFFF36 /* cinterface_list.c in Sources */,
				21814D720DD9F21700FFFF36 /* cnet_function.c in Sources */,
				21814D730DD9F21700FFFF36 /* csocket.c in Sources */,
				21814D740DD9F21700FFFF36 /* csocket_list.c in Sources */,
				21814D750DD9F21700FFFF36 /* curi.c in Sources */,
				21814D760DD9F21700FFFF36 /* curl.c in Sources */,
				21814D770DD9F21700FFFF36 /* csoap.c in Sources */,
				21814D780DD9F21700FFFF36 /* csoap_request.c in Sources */,
				21814D790DD9F21700FFFF36 /* csoap_response.c in Sources */,
				21814D7A0DD9F21700FFFF36 /* caction.c in Sources */,
				21814D7B0DD9F21700FFFF36 /* caction_list.c in Sources */,
				21814D7C0DD9F21700FFFF36 /* cargument.c in Sources */,
				21814D7D0DD9F21700FFFF36 /* cargument_list.c in Sources */,
				21814D7E0DD9F21700FFFF36 /* ccontrolpoint.c in Sources */,
				21814D7F0DD9F21700FFFF36 /* ccontrolpoint_event.c in Sources */,
				21814D800DD9F21700FFFF36 /* ccontrolpoint_http_server.c in Sources */,
				21814D810DD9F21700FFFF36 /* cdevice.c in Sources */,
				21814D820DD9F21700FFFF36 /* cdevice_advertiser.c in Sources */,
				21814D830DD9F21700FFFF36 /* cdevice_http_server.c in Sources */,
				21814D840DD9F21700FFFF36 /* cdevice_list.c in Sources */,
				21814D850DD9F21700FFFF36 /* cdevice_ssdp_server.c in Sources */,
				21814D860DD9F21700FFFF36 /* cicon.c in Sources */,
				21814D870DD9F21700FFFF36 /* cicon_list.c in Sources */,
				21814D880DD9F21700FFFF36 /* caction_ctrl.c in Sources */,
				21814D890DD9F21700FFFF36 /* caction_request.c in Sources */,
				21814D8A0DD9F21700FFFF36 /* caction_response.c in Sources */,
				21814D8B0DD9F21700FFFF36 /* ccontrol_function.c in Sources */,
				21814D8C0DD9F21700FFFF36 /* cquery_ctrl.c in Sources */,
				21814D8D0DD9F21700FFFF36 /* cquery_request.c in Sources */,
				21814D8E0DD9F21700FFFF36 /* cquery_response.c in Sources */,
				21814D8F0DD9F21700FFFF36 /* cservice.c in Sources */,
				21814D900DD9F21700FFFF36 /* cservice_list.c in Sources */,
				21814D910DD9F21700FFFF36 /* cservice_notify.c in Sources */,
				21814D920DD9F21700FFFF36 /* cservice_ssdp_server.c in Sources */,
				21814D930DD9F21700FFFF36 /* cservicestate_table.c in Sources */,
				21814D940DD9F21700FFFF36 /* cstatevariable.c in Sources */,
				21814D950DD9F21700FFFF36 /* cupnp_function.c in Sources */,
				21814D960DD9F21700FFFF36 /* cupnp_status.c in Sources */,
				21814D970DD9F21700FFFF36 /* ceventlistener_list.c in Sources */,
				21814D980DD9F21700FFFF36 /* cnotify_request.c in Sources */,
				21814D990DD9F21700FFFF36 /* cproperty.c in Sources */,
				21814D9A0DD9F21700FFFF36 /* cproperty_list.c in Sources */,
				21814D9B0DD9F21700FFFF36 /* csubscriber.c in Sources */,
				21814D9C0DD9F21700FFFF36 /* csubscriber_list.c in Sources */,
				21814D9D0DD9F21700FFFF36 /* csubscription.c in Sources */,
				21814D9E0DD9F21700FFFF36 /* csubscription_request.c in Sources */,
				21814D9F0DD9F21700FFFF36 /* csubscription_response.c in Sources */,
				21814DA00DD9F21700FFFF36 /* chttpmu_socket.c in Sources */,
				21814DA10DD9F21700FFFF36 /* chttpu_socket.c in Sources */,
				21814DA20DD9F21700FFFF36 /* cssdp.c in Sources */,
				21814DA30DD9F21700FFFF36 /* cssdp_packet.c in Sources */,
				21814DA40DD9F21700FFFF36 /* cssdp_request.c in Sources */,
				21814DA50DD9F21700FFFF36 /* cssdp_response.c in Sources */,
				21814DA60DD9F21700FFFF36 /* cssdp_response_server.c in Sources */,
				21814DA70DD9F21700FFFF36 /* cssdp_response_server_list.c in Sources */,
				21814DA80DD9F21700FFFF36 /* cssdp_server.c in Sources */,
				21814DA90DD9F21700FFFF36 /* cssdp_server_list.c in Sources */,
				21814DAA0DD9F21700FFFF36 /* cssdp_socket.c in Sources */,
				21814DAB0DD9F21700FFFF36 /* ccond.c in Sources */,
				21814DAC0DD9F21700FFFF36 /* clist.c in Sources */,
				21814DAD0DD9F21700FFFF36 /* clog.c in Sources */,
				21814DAE0DD9F21700FFFF36 /* cmutex.c in Sources */,
				21814DAF0DD9F21700FFFF36 /* cstring.c in Sources */,
				21814DB00DD9F21700FFFF36 /* cstring_function.c in Sources */,
				21814DB10DD9F21700FFFF36 /* cstring_tokenizer.c in Sources */,
				21814DB20DD9F21700FFFF36 /* cthread.c in Sources */,
				21814DB30DD9F21700FFFF36 /* cthread_list.c in Sources */,
				21814DB40DD9F21700FFFF36 /* ctime.c in Sources */,
				21814DB50DD9F21700FFFF36 /* ctime_wince.c in Sources */,
				21814DB60DD9F21700FFFF36 /* cxml_attribute.c in Sources */,
				21814DB70DD9F21700FFFF36 /* cxml_attribute_list.c in Sources */,
				21814DB80DD9F21700FFFF36 /* cxml_function.c in Sources */,
				21814DB90DD9F21700FFFF36 /* cxml_node.c in Sources */,
				21814DBA0DD9F21700FFFF36 /* cxml_node_list.c in Sources */,
				21814DBB0DD9F21700FFFF36 /* cxml_parser.c in Sources */,
				21814DBC0DD9F21700FFFF36 /* cxml_parser_expat.c in Sources */,
				21814DBD0DD9F21700FFFF36 /* cxml_parser_libxml2.c in Sources */,
				21814DD00DD9F25800FFFF36 /* CGUpnpActionResponse.m in Sources */,
				21814DD10DD9F25800FFFF36 /* CGUpnpControlPoint.m in Sources */,
				21814DD20DD9F25800FFFF36 /* CGUpnpDevice.m in Sources */,
				21814DD30DD9F25800FFFF36 /* CGUpnpQueryResponse.m in Sources */,
				21814DD40DD9F25800FFFF36 /* CGUpnpService.m in Sources */,
				21822E670DDB2ABF009B32CD /* CGUpnpAction.m in Sources */,
			);
			runOnlyForDeploymentPostprocessing = 0;
		};
/* End PBXSourcesBuildPhase section */

/* Begin XCBuildConfiguration section */
		1DEB927508733DD40010E9CD /* Debug */ = {
			isa = XCBuildConfiguration;
			buildSettings = {
				COPY_PHASE_STRIP = NO;
				FRAMEWORK_SEARCH_PATHS = (
					"$(inherited)",
					"\"$(SRCROOT)/../../../../lib/macosx/xcode30/build/Debug\"",
				);
				GCC_DYNAMIC_NO_PIC = NO;
				GCC_ENABLE_FIX_AND_CONTINUE = YES;
				GCC_MODEL_TUNING = G5;
				GCC_OPTIMIZATION_LEVEL = 0;
				GCC_PRECOMPILE_PREFIX_HEADER = YES;
				GCC_PREFIX_HEADER = upnpdump_Prefix.pch;
				INSTALL_PATH = /usr/local/bin;
				OTHER_LDFLAGS = "-lexpat";
				PRODUCT_NAME = upnpdump;
				ZERO_LINK = YES;
			};
			name = Debug;
		};
		1DEB927608733DD40010E9CD /* Release */ = {
			isa = XCBuildConfiguration;
			buildSettings = {
				DEBUG_INFORMATION_FORMAT = "dwarf-with-dsym";
				FRAMEWORK_SEARCH_PATHS = (
					"$(inherited)",
					"\"$(SRCROOT)/../../../../lib/macosx/xcode30/build/Debug\"",
				);
				GCC_MODEL_TUNING = G5;
				GCC_PRECOMPILE_PREFIX_HEADER = YES;
				GCC_PREFIX_HEADER = upnpdump_Prefix.pch;
				INSTALL_PATH = /usr/local/bin;
				OTHER_LDFLAGS = "-lexpat";
				PRODUCT_NAME = upnpdump;
			};
			name = Release;
		};
		1DEB927908733DD40010E9CD /* Debug */ = {
			isa = XCBuildConfiguration;
			buildSettings = {
				GCC_WARN_ABOUT_RETURN_TYPE = YES;
				GCC_WARN_UNUSED_VARIABLE = YES;
				HEADER_SEARCH_PATHS = (
					../../../../wrapper/objc,
					../../../../include,
				);
				PREBINDING = NO;
				SDKROOT = "$(DEVELOPER_SDK_DIR)/MacOSX10.5.sdk";
			};
			name = Debug;
		};
		1DEB927A08733DD40010E9CD /* Release */ = {
			isa = XCBuildConfiguration;
			buildSettings = {
				ARCHS = (
					ppc,
					i386,
				);
				GCC_WARN_ABOUT_RETURN_TYPE = YES;
				GCC_WARN_UNUSED_VARIABLE = YES;
				HEADER_SEARCH_PATHS = (
					../../../../wrapper/objc,
					../../../../include,
				);
				PREBINDING = NO;
				SDKROOT = "$(DEVELOPER_SDK_DIR)/MacOSX10.5.sdk";
			};
			name = Release;
		};
/* End XCBuildConfiguration section */

/* Begin XCConfigurationList section */
		1DEB927408733DD40010E9CD /* Build configuration list for PBXNativeTarget "upnpdump" */ = {
			isa = XCConfigurationList;
			buildConfigurations = (
				1DEB927508733DD40010E9CD /* Debug */,
				1DEB927608733DD40010E9CD /* Release */,
			);
			defaultConfigurationIsVisible = 0;
			defaultConfigurationName = Release;
		};
		1DEB927808733DD40010E9CD /* Build configuration list for PBXProject "upnpdump" */ = {
			isa = XCConfigurationList;
			buildConfigurations = (
				1DEB927908733DD40010E9CD /* Debug */,
				1DEB927A08733DD40010E9CD /* Release */,
			);
			defaultConfigurationIsVisible = 0;
			defaultConfigurationName = Release;
		};
/* End XCConfigurationList section */
	};
	rootObject = 08FB7793FE84155DC02AAC07 /* Project object */;
}
