// !$*UTF8*$!
{
	archiveVersion = 1;
	classes = {
	};
	objectVersion = 46;
	objects = {

/* Begin PBXBuildFile section */
		211B90D6197675F500DEA0D7 /* XMLTest.cpp in Sources */ = {isa = PBXBuildFile; fileRef = 211B90D5197675F500DEA0D7 /* XMLTest.cpp */; };
		2121F3081A83D83900930B36 /* libmupnp.a in Frameworks */ = {isa = PBXBuildFile; fileRef = 2123216C1A83C528002AA265 /* libmupnp.a */; };
		212CAC5E186439810065C62C /* StringTest.cpp in Sources */ = {isa = PBXBuildFile; fileRef = 212CAC5D186439810065C62C /* StringTest.cpp */; };
		219030B819067A4E003D4327 /* UPnPFuncTest.cpp in Sources */ = {isa = PBXBuildFile; fileRef = 219030B719067A4E003D4327 /* UPnPFuncTest.cpp */; };
		21A2BCFB14C664E8007457AF /* ServiceTest.cpp in Sources */ = {isa = PBXBuildFile; fileRef = 21A2BCFA14C664E8007457AF /* ServiceTest.cpp */; };
		21AA0F0D1331226600A2338F /* ControlPointTest.cpp in Sources */ = {isa = PBXBuildFile; fileRef = 21AA0F011331226600A2338F /* ControlPointTest.cpp */; };
		21AA0F0E1331226600A2338F /* DeviceTest.cpp in Sources */ = {isa = PBXBuildFile; fileRef = 21AA0F021331226600A2338F /* DeviceTest.cpp */; };
		21AA0F0F1331226600A2338F /* DictionaryTest.cpp in Sources */ = {isa = PBXBuildFile; fileRef = 21AA0F031331226600A2338F /* DictionaryTest.cpp */; };
		21AA0F101331226600A2338F /* HttpTest.cpp in Sources */ = {isa = PBXBuildFile; fileRef = 21AA0F041331226600A2338F /* HttpTest.cpp */; };
		21AA0F111331226600A2338F /* NetworkTest.cpp in Sources */ = {isa = PBXBuildFile; fileRef = 21AA0F051331226600A2338F /* NetworkTest.cpp */; };
		21AA0F121331226600A2338F /* StateVariableTest.cpp in Sources */ = {isa = PBXBuildFile; fileRef = 21AA0F061331226600A2338F /* StateVariableTest.cpp */; };
		21AA0F131331226600A2338F /* SubscriptionTest.cpp in Sources */ = {isa = PBXBuildFile; fileRef = 21AA0F071331226600A2338F /* SubscriptionTest.cpp */; };
		21AA0F141331226600A2338F /* URITest.cpp in Sources */ = {isa = PBXBuildFile; fileRef = 21AA0F081331226600A2338F /* URITest.cpp */; };
		21AA0F191331227300A2338F /* TestDevice.c in Sources */ = {isa = PBXBuildFile; fileRef = 21AA0F171331227300A2338F /* TestDevice.c */; };
		21E12B051924F3C0005D4F50 /* mUpnpTestMain.cpp in Sources */ = {isa = PBXBuildFile; fileRef = 21E12B041924F3C0005D4F50 /* mUpnpTestMain.cpp */; };
/* End PBXBuildFile section */

/* Begin PBXContainerItemProxy section */
		2121F3061A83D83300930B36 /* PBXContainerItemProxy */ = {
			isa = PBXContainerItemProxy;
			containerPortal = 212321671A83C528002AA265 /* libmupnp.xcodeproj */;
			proxyType = 1;
			remoteGlobalIDString = 210AF4171331182E00A2EB09;
			remoteInfo = libmupnp;
		};
		2123216B1A83C528002AA265 /* PBXContainerItemProxy */ = {
			isa = PBXContainerItemProxy;
			containerPortal = 212321671A83C528002AA265 /* libmupnp.xcodeproj */;
			proxyType = 2;
			remoteGlobalIDString = 210AF4181331182E00A2EB09;
			remoteInfo = clink;
		};
/* End PBXContainerItemProxy section */

/* Begin PBXCopyFilesBuildPhase section */
		2152CB8C1331206B00229C13 /* CopyFiles */ = {
			isa = PBXCopyFilesBuildPhase;
			buildActionMask = 2147483647;
			dstPath = /usr/share/man/man1/;
			dstSubfolderSpec = 0;
			files = (
			);
			runOnlyForDeploymentPostprocessing = 1;
		};
/* End PBXCopyFilesBuildPhase section */

/* Begin PBXFileReference section */
		211B90D5197675F500DEA0D7 /* XMLTest.cpp */ = {isa = PBXFileReference; fileEncoding = 4; lastKnownFileType = sourcecode.cpp.cpp; name = XMLTest.cpp; path = ../../XMLTest.cpp; sourceTree = "<group>"; };
		212321671A83C528002AA265 /* libmupnp.xcodeproj */ = {isa = PBXFileReference; lastKnownFileType = "wrapper.pb-project"; name = libmupnp.xcodeproj; path = ../../../lib/macosx/xcode/libmupnp.xcodeproj; sourceTree = "<group>"; };
		212CAC5D186439810065C62C /* StringTest.cpp */ = {isa = PBXFileReference; fileEncoding = 4; lastKnownFileType = sourcecode.cpp.cpp; name = StringTest.cpp; path = ../../StringTest.cpp; sourceTree = "<group>"; };
		2152CB8E1331206B00229C13 /* mupnptest */ = {isa = PBXFileReference; explicitFileType = "compiled.mach-o.executable"; includeInIndex = 0; path = mupnptest; sourceTree = BUILT_PRODUCTS_DIR; };
		219030B719067A4E003D4327 /* UPnPFuncTest.cpp */ = {isa = PBXFileReference; fileEncoding = 4; lastKnownFileType = sourcecode.cpp.cpp; name = UPnPFuncTest.cpp; path = ../../UPnPFuncTest.cpp; sourceTree = "<group>"; };
		21A2BCFA14C664E8007457AF /* ServiceTest.cpp */ = {isa = PBXFileReference; fileEncoding = 4; lastKnownFileType = sourcecode.cpp.cpp; name = ServiceTest.cpp; path = ../../ServiceTest.cpp; sourceTree = "<group>"; };
		21AA0F011331226600A2338F /* ControlPointTest.cpp */ = {isa = PBXFileReference; fileEncoding = 4; lastKnownFileType = sourcecode.cpp.cpp; name = ControlPointTest.cpp; path = ../../ControlPointTest.cpp; sourceTree = "<group>"; };
		21AA0F021331226600A2338F /* DeviceTest.cpp */ = {isa = PBXFileReference; fileEncoding = 4; lastKnownFileType = sourcecode.cpp.cpp; name = DeviceTest.cpp; path = ../../DeviceTest.cpp; sourceTree = "<group>"; };
		21AA0F031331226600A2338F /* DictionaryTest.cpp */ = {isa = PBXFileReference; fileEncoding = 4; lastKnownFileType = sourcecode.cpp.cpp; name = DictionaryTest.cpp; path = ../../DictionaryTest.cpp; sourceTree = "<group>"; };
		21AA0F041331226600A2338F /* HttpTest.cpp */ = {isa = PBXFileReference; fileEncoding = 4; lastKnownFileType = sourcecode.cpp.cpp; name = HttpTest.cpp; path = ../../HttpTest.cpp; sourceTree = "<group>"; };
		21AA0F051331226600A2338F /* NetworkTest.cpp */ = {isa = PBXFileReference; fileEncoding = 4; lastKnownFileType = sourcecode.cpp.cpp; name = NetworkTest.cpp; path = ../../NetworkTest.cpp; sourceTree = "<group>"; };
		21AA0F061331226600A2338F /* StateVariableTest.cpp */ = {isa = PBXFileReference; fileEncoding = 4; lastKnownFileType = sourcecode.cpp.cpp; name = StateVariableTest.cpp; path = ../../StateVariableTest.cpp; sourceTree = "<group>"; };
		21AA0F071331226600A2338F /* SubscriptionTest.cpp */ = {isa = PBXFileReference; fileEncoding = 4; lastKnownFileType = sourcecode.cpp.cpp; name = SubscriptionTest.cpp; path = ../../SubscriptionTest.cpp; sourceTree = "<group>"; };
		21AA0F081331226600A2338F /* URITest.cpp */ = {isa = PBXFileReference; fileEncoding = 4; lastKnownFileType = sourcecode.cpp.cpp; name = URITest.cpp; path = ../../URITest.cpp; sourceTree = "<group>"; };
		21AA0F171331227300A2338F /* TestDevice.c */ = {isa = PBXFileReference; fileEncoding = 4; lastKnownFileType = sourcecode.c.c; name = TestDevice.c; path = ../../TestDevice.c; sourceTree = "<group>"; };
		21AA0F181331227300A2338F /* TestDevice.h */ = {isa = PBXFileReference; fileEncoding = 4; lastKnownFileType = sourcecode.c.h; name = TestDevice.h; path = ../../TestDevice.h; sourceTree = "<group>"; };
		21E12B041924F3C0005D4F50 /* mUpnpTestMain.cpp */ = {isa = PBXFileReference; fileEncoding = 4; lastKnownFileType = sourcecode.cpp.cpp; name = mUpnpTestMain.cpp; path = ../../mUpnpTestMain.cpp; sourceTree = "<group>"; };
/* End PBXFileReference section */

/* Begin PBXFrameworksBuildPhase section */
		2152CB8B1331206B00229C13 /* Frameworks */ = {
			isa = PBXFrameworksBuildPhase;
			buildActionMask = 2147483647;
			files = (
				2121F3081A83D83900930B36 /* libmupnp.a in Frameworks */,
			);
			runOnlyForDeploymentPostprocessing = 0;
		};
/* End PBXFrameworksBuildPhase section */

/* Begin PBXGroup section */
		212321681A83C528002AA265 /* Products */ = {
			isa = PBXGroup;
			children = (
				2123216C1A83C528002AA265 /* libmupnp.a */,
			);
			name = Products;
			sourceTree = "<group>";
		};
		2152CB831331206A00229C13 = {
			isa = PBXGroup;
			children = (
				21AA0EFE1331224E00A2338F /* Sources */,
				21C42077133121CA00F2428B /* Frameworks */,
				2152CB8F1331206B00229C13 /* Products */,
			);
			sourceTree = "<group>";
		};
		2152CB8F1331206B00229C13 /* Products */ = {
			isa = PBXGroup;
			children = (
				2152CB8E1331206B00229C13 /* mupnptest */,
			);
			name = Products;
			sourceTree = "<group>";
		};
		21AA0EFE1331224E00A2338F /* Sources */ = {
			isa = PBXGroup;
			children = (
				21E12B041924F3C0005D4F50 /* mUpnpTestMain.cpp */,
				21AA0F171331227300A2338F /* TestDevice.c */,
				21AA0F181331227300A2338F /* TestDevice.h */,
				212CAC5D186439810065C62C /* StringTest.cpp */,
				21AA0F011331226600A2338F /* ControlPointTest.cpp */,
				21AA0F021331226600A2338F /* DeviceTest.cpp */,
				21A2BCFA14C664E8007457AF /* ServiceTest.cpp */,
				21AA0F031331226600A2338F /* DictionaryTest.cpp */,
				21AA0F041331226600A2338F /* HttpTest.cpp */,
				21AA0F051331226600A2338F /* NetworkTest.cpp */,
				21AA0F061331226600A2338F /* StateVariableTest.cpp */,
				21AA0F071331226600A2338F /* SubscriptionTest.cpp */,
				21AA0F081331226600A2338F /* URITest.cpp */,
				219030B719067A4E003D4327 /* UPnPFuncTest.cpp */,
				211B90D5197675F500DEA0D7 /* XMLTest.cpp */,
			);
			name = Sources;
			sourceTree = "<group>";
		};
		21C42077133121CA00F2428B /* Frameworks */ = {
			isa = PBXGroup;
			children = (
				212321671A83C528002AA265 /* libmupnp.xcodeproj */,
			);
			name = Frameworks;
			sourceTree = "<group>";
		};
/* End PBXGroup section */

/* Begin PBXNativeTarget section */
		2152CB8D1331206B00229C13 /* mupnptest */ = {
			isa = PBXNativeTarget;
			buildConfigurationList = 2152CB971331206B00229C13 /* Build configuration list for PBXNativeTarget "mupnptest" */;
			buildPhases = (
				2152CB8A1331206B00229C13 /* Sources */,
				2152CB8B1331206B00229C13 /* Frameworks */,
				2152CB8C1331206B00229C13 /* CopyFiles */,
			);
			buildRules = (
			);
			dependencies = (
				2121F3071A83D83300930B36 /* PBXTargetDependency */,
			);
			name = mupnptest;
			productName = mupnptest;
			productReference = 2152CB8E1331206B00229C13 /* mupnptest */;
			productType = "com.apple.product-type.tool";
		};
/* End PBXNativeTarget section */

/* Begin PBXProject section */
		2152CB851331206A00229C13 /* Project object */ = {
			isa = PBXProject;
			attributes = {
				LastUpgradeCheck = 0710;
			};
			buildConfigurationList = 2152CB881331206A00229C13 /* Build configuration list for PBXProject "mupnptest" */;
			compatibilityVersion = "Xcode 3.2";
			developmentRegion = English;
			hasScannedForEncodings = 0;
			knownRegions = (
				en,
			);
			mainGroup = 2152CB831331206A00229C13;
			productRefGroup = 2152CB8F1331206B00229C13 /* Products */;
			projectDirPath = "";
			projectReferences = (
				{
					ProductGroup = 212321681A83C528002AA265 /* Products */;
					ProjectRef = 212321671A83C528002AA265 /* libmupnp.xcodeproj */;
				},
			);
			projectRoot = "";
			targets = (
				2152CB8D1331206B00229C13 /* mupnptest */,
			);
		};
/* End PBXProject section */

/* Begin PBXReferenceProxy section */
		2123216C1A83C528002AA265 /* libmupnp.a */ = {
			isa = PBXReferenceProxy;
			fileType = archive.ar;
			path = libmupnp.a;
			remoteRef = 2123216B1A83C528002AA265 /* PBXContainerItemProxy */;
			sourceTree = BUILT_PRODUCTS_DIR;
		};
/* End PBXReferenceProxy section */

/* Begin PBXSourcesBuildPhase section */
		2152CB8A1331206B00229C13 /* Sources */ = {
			isa = PBXSourcesBuildPhase;
			buildActionMask = 2147483647;
			files = (
				212CAC5E186439810065C62C /* StringTest.cpp in Sources */,
				21AA0F0D1331226600A2338F /* ControlPointTest.cpp in Sources */,
				21E12B051924F3C0005D4F50 /* mUpnpTestMain.cpp in Sources */,
				21AA0F0E1331226600A2338F /* DeviceTest.cpp in Sources */,
				219030B819067A4E003D4327 /* UPnPFuncTest.cpp in Sources */,
				21AA0F0F1331226600A2338F /* DictionaryTest.cpp in Sources */,
				21AA0F101331226600A2338F /* HttpTest.cpp in Sources */,
				21AA0F111331226600A2338F /* NetworkTest.cpp in Sources */,
				21AA0F121331226600A2338F /* StateVariableTest.cpp in Sources */,
				21AA0F131331226600A2338F /* SubscriptionTest.cpp in Sources */,
				21AA0F141331226600A2338F /* URITest.cpp in Sources */,
				21AA0F191331227300A2338F /* TestDevice.c in Sources */,
				21A2BCFB14C664E8007457AF /* ServiceTest.cpp in Sources */,
				211B90D6197675F500DEA0D7 /* XMLTest.cpp in Sources */,
			);
			runOnlyForDeploymentPostprocessing = 0;
		};
/* End PBXSourcesBuildPhase section */

/* Begin PBXTargetDependency section */
		2121F3071A83D83300930B36 /* PBXTargetDependency */ = {
			isa = PBXTargetDependency;
			name = libmupnp;
			targetProxy = 2121F3061A83D83300930B36 /* PBXContainerItemProxy */;
		};
/* End PBXTargetDependency section */

/* Begin XCBuildConfiguration section */
		2152CB951331206B00229C13 /* Debug */ = {
			isa = XCBuildConfiguration;
			buildSettings = {
				CLANG_CXX_LANGUAGE_STANDARD = "compiler-default";
				CLANG_CXX_LIBRARY = "libc++";
				CLANG_WARN_BOOL_CONVERSION = YES;
				CLANG_WARN_CONSTANT_CONVERSION = YES;
				CLANG_WARN_EMPTY_BODY = YES;
				CLANG_WARN_ENUM_CONVERSION = YES;
				CLANG_WARN_INT_CONVERSION = YES;
				CLANG_WARN_UNREACHABLE_CODE = YES;
				CLANG_WARN__DUPLICATE_METHOD_MATCH = YES;
				ENABLE_STRICT_OBJC_MSGSEND = YES;
				ENABLE_TESTABILITY = YES;
				FRAMEWORK_SEARCH_PATHS = "";
				GCC_C_LANGUAGE_STANDARD = gnu99;
				GCC_NO_COMMON_BLOCKS = YES;
				GCC_OPTIMIZATION_LEVEL = 0;
				GCC_PREPROCESSOR_DEFINITIONS = DEBUG;
				GCC_SYMBOLS_PRIVATE_EXTERN = NO;
				GCC_VERSION = com.apple.compilers.llvm.clang.1_0;
				GCC_WARN_64_TO_32_BIT_CONVERSION = YES;
				GCC_WARN_ABOUT_RETURN_TYPE = YES;
				GCC_WARN_UNDECLARED_SELECTOR = YES;
				GCC_WARN_UNINITIALIZED_AUTOS = YES;
				GCC_WARN_UNUSED_FUNCTION = YES;
				GCC_WARN_UNUSED_VARIABLE = YES;
				HEADER_SEARCH_PATHS = (
					"$(inherited)",
					/Applications/Xcode.app/Contents/Developer/Toolchains/XcodeDefault.xctoolchain/usr/include,
					../../../include,
					/usr/local/include,
				);
				LIBRARY_SEARCH_PATHS = /usr/local/lib;
				MACOSX_DEPLOYMENT_TARGET = 10.9;
				ONLY_ACTIVE_ARCH = YES;
				OTHER_LDFLAGS = (
					"-lboost_unit_test_framework-mt",
					"-lxml2",
				);
				SDKROOT = macosx;
			};
			name = Debug;
		};
		2152CB961331206B00229C13 /* Release */ = {
			isa = XCBuildConfiguration;
			buildSettings = {
				CLANG_CXX_LANGUAGE_STANDARD = "compiler-default";
				CLANG_CXX_LIBRARY = "libc++";
				CLANG_WARN_BOOL_CONVERSION = YES;
				CLANG_WARN_CONSTANT_CONVERSION = YES;
				CLANG_WARN_EMPTY_BODY = YES;
				CLANG_WARN_ENUM_CONVERSION = YES;
				CLANG_WARN_INT_CONVERSION = YES;
				CLANG_WARN_UNREACHABLE_CODE = YES;
				CLANG_WARN__DUPLICATE_METHOD_MATCH = YES;
				ENABLE_STRICT_OBJC_MSGSEND = YES;
				FRAMEWORK_SEARCH_PATHS = "";
				GCC_C_LANGUAGE_STANDARD = gnu99;
				GCC_NO_COMMON_BLOCKS = YES;
				GCC_VERSION = com.apple.compilers.llvm.clang.1_0;
				GCC_WARN_64_TO_32_BIT_CONVERSION = YES;
				GCC_WARN_ABOUT_RETURN_TYPE = YES;
				GCC_WARN_UNDECLARED_SELECTOR = YES;
				GCC_WARN_UNINITIALIZED_AUTOS = YES;
				GCC_WARN_UNUSED_FUNCTION = YES;
				GCC_WARN_UNUSED_VARIABLE = YES;
				HEADER_SEARCH_PATHS = (
					"$(inherited)",
					/Applications/Xcode.app/Contents/Developer/Toolchains/XcodeDefault.xctoolchain/usr/include,
					../../../include,
					/usr/local/include,
				);
				LIBRARY_SEARCH_PATHS = /usr/local/lib;
				MACOSX_DEPLOYMENT_TARGET = 10.9;
				OTHER_LDFLAGS = (
					"-lboost_unit_test_framework-mt",
					"-lxml2",
				);
				SDKROOT = macosx;
			};
			name = Release;
		};
		2152CB981331206B00229C13 /* Debug */ = {
			isa = XCBuildConfiguration;
			buildSettings = {
				ALWAYS_SEARCH_USER_PATHS = NO;
				COPY_PHASE_STRIP = NO;
				GCC_DYNAMIC_NO_PIC = NO;
				GCC_ENABLE_OBJC_EXCEPTIONS = YES;
				HEADER_SEARCH_PATHS = (
					../../../include,
					/usr/local/include,
				);
				LIBRARY_SEARCH_PATHS = /usr/local/lib;
				MACOSX_DEPLOYMENT_TARGET = 10.8;
				OTHER_LDFLAGS = (
					"-lboost_unit_test_framework-mt",
					"-lxml2",
				);
				PRODUCT_NAME = "$(TARGET_NAME)";
			};
			name = Debug;
		};
		2152CB991331206B00229C13 /* Release */ = {
			isa = XCBuildConfiguration;
			buildSettings = {
				ALWAYS_SEARCH_USER_PATHS = NO;
				COPY_PHASE_STRIP = YES;
				DEBUG_INFORMATION_FORMAT = "dwarf-with-dsym";
				GCC_ENABLE_OBJC_EXCEPTIONS = YES;
				HEADER_SEARCH_PATHS = (
					../../../include,
					/usr/local/include,
				);
				LIBRARY_SEARCH_PATHS = /usr/local/lib;
				MACOSX_DEPLOYMENT_TARGET = 10.8;
				OTHER_LDFLAGS = (
					"-lboost_unit_test_framework-mt",
					"-lxml2",
				);
				PRODUCT_NAME = "$(TARGET_NAME)";
			};
			name = Release;
		};
/* End XCBuildConfiguration section */

/* Begin XCConfigurationList section */
		2152CB881331206A00229C13 /* Build configuration list for PBXProject "mupnptest" */ = {
			isa = XCConfigurationList;
			buildConfigurations = (
				2152CB951331206B00229C13 /* Debug */,
				2152CB961331206B00229C13 /* Release */,
			);
			defaultConfigurationIsVisible = 0;
			defaultConfigurationName = Release;
		};
		2152CB971331206B00229C13 /* Build configuration list for PBXNativeTarget "mupnptest" */ = {
			isa = XCConfigurationList;
			buildConfigurations = (
				2152CB981331206B00229C13 /* Debug */,
				2152CB991331206B00229C13 /* Release */,
			);
			defaultConfigurationIsVisible = 0;
			defaultConfigurationName = Release;
		};
/* End XCConfigurationList section */
	};
	rootObject = 2152CB851331206A00229C13 /* Project object */;
}
