// !$*UTF8*$!
{
	archiveVersion = 1;
	classes = {
	};
	objectVersion = 44;
	objects = {

/* Begin PBXBuildFile section */
		2170A71F0E1056CE00BFDD01 /* DLNAController.m in Sources */ = {isa = PBXBuildFile; fileRef = 2170A71E0E1056CE00BFDD01 /* DLNAController.m */; };
		21735AEF0E5C5AF3009FB816 /* CGUpnpAvContainer.m in Sources */ = {isa = PBXBuildFile; fileRef = 21735AD90E5C5AF3009FB816 /* CGUpnpAvContainer.m */; };
		21735AF00E5C5AF4009FB816 /* CGUpnpAvContentDirectory.m in Sources */ = {isa = PBXBuildFile; fileRef = 21735ADB0E5C5AF3009FB816 /* CGUpnpAvContentDirectory.m */; };
		21735AF10E5C5AF4009FB816 /* CGUpnpAvContentManager.m in Sources */ = {isa = PBXBuildFile; fileRef = 21735ADD0E5C5AF3009FB816 /* CGUpnpAvContentManager.m */; };
		21735AF20E5C5AF4009FB816 /* CGUpnpAvController.m in Sources */ = {isa = PBXBuildFile; fileRef = 21735ADF0E5C5AF3009FB816 /* CGUpnpAvController.m */; };
		21735AF30E5C5AF4009FB816 /* CGUpnpAvItem.m in Sources */ = {isa = PBXBuildFile; fileRef = 21735AE10E5C5AF3009FB816 /* CGUpnpAvItem.m */; };
		21735AF40E5C5AF4009FB816 /* CGUpnpAvObject.m in Sources */ = {isa = PBXBuildFile; fileRef = 21735AE30E5C5AF3009FB816 /* CGUpnpAvObject.m */; };
		21735AF50E5C5AF4009FB816 /* CGUpnpAvResource.m in Sources */ = {isa = PBXBuildFile; fileRef = 21735AE50E5C5AF3009FB816 /* CGUpnpAvResource.m */; };
		21735AF60E5C5AF4009FB816 /* CGUpnpAvRoot.m in Sources */ = {isa = PBXBuildFile; fileRef = 21735AE70E5C5AF3009FB816 /* CGUpnpAvRoot.m */; };
		21735AF70E5C5AF4009FB816 /* CGUpnpAvServer.m in Sources */ = {isa = PBXBuildFile; fileRef = 21735AE90E5C5AF3009FB816 /* CGUpnpAvServer.m */; };
		21735AF80E5C5AF4009FB816 /* CGXml.m in Sources */ = {isa = PBXBuildFile; fileRef = 21735AEB0E5C5AF3009FB816 /* CGXml.m */; };
		21735AF90E5C5AF4009FB816 /* CGXmlNode.m in Sources */ = {isa = PBXBuildFile; fileRef = 21735AED0E5C5AF3009FB816 /* CGXmlNode.m */; };
		2179A5D10E5481E000AD736C /* DLNAImageView.m in Sources */ = {isa = PBXBuildFile; fileRef = 2179A5D00E5481E000AD736C /* DLNAImageView.m */; };
		21889D9F0E096A1B005858AB /* CyberLink.framework in Frameworks */ = {isa = PBXBuildFile; fileRef = 21889D9E0E096A1B005858AB /* CyberLink.framework */; };
		8D11072A0486CEB800E47090 /* MainMenu.nib in Resources */ = {isa = PBXBuildFile; fileRef = 29B97318FDCFA39411CA2CEA /* MainMenu.nib */; };
		8D11072B0486CEB800E47090 /* InfoPlist.strings in Resources */ = {isa = PBXBuildFile; fileRef = 089C165CFE840E0CC02AAC07 /* InfoPlist.strings */; };
		8D11072D0486CEB800E47090 /* main.m in Sources */ = {isa = PBXBuildFile; fileRef = 29B97316FDCFA39411CA2CEA /* main.m */; settings = {ATTRIBUTES = (); }; };
		8D11072F0486CEB800E47090 /* Cocoa.framework in Frameworks */ = {isa = PBXBuildFile; fileRef = 1058C7A1FEA54F0111CA2CBB /* Cocoa.framework */; };
/* End PBXBuildFile section */

/* Begin PBXFileReference section */
		089C165DFE840E0CC02AAC07 /* English */ = {isa = PBXFileReference; fileEncoding = 10; lastKnownFileType = text.plist.strings; name = English; path = English.lproj/InfoPlist.strings; sourceTree = "<group>"; };
		1058C7A1FEA54F0111CA2CBB /* Cocoa.framework */ = {isa = PBXFileReference; lastKnownFileType = wrapper.framework; name = Cocoa.framework; path = /System/Library/Frameworks/Cocoa.framework; sourceTree = "<absolute>"; };
		13E42FB307B3F0F600E4EEF1 /* CoreData.framework */ = {isa = PBXFileReference; lastKnownFileType = wrapper.framework; name = CoreData.framework; path = /System/Library/Frameworks/CoreData.framework; sourceTree = "<absolute>"; };
		2170A71D0E1056CE00BFDD01 /* DLNAController.h */ = {isa = PBXFileReference; fileEncoding = 4; lastKnownFileType = sourcecode.c.h; path = DLNAController.h; sourceTree = "<group>"; };
		2170A71E0E1056CE00BFDD01 /* DLNAController.m */ = {isa = PBXFileReference; fileEncoding = 4; lastKnownFileType = sourcecode.c.objc; path = DLNAController.m; sourceTree = "<group>"; };
		21735AD70E5C5AF3009FB816 /* CGUpnpAvConstants.h */ = {isa = PBXFileReference; fileEncoding = 4; lastKnownFileType = sourcecode.c.h; name = CGUpnpAvConstants.h; path = ../../../../wrapper/objc/CGUpnpAvConstants.h; sourceTree = SOURCE_ROOT; };
		21735AD80E5C5AF3009FB816 /* CGUpnpAvContainer.h */ = {isa = PBXFileReference; fileEncoding = 4; lastKnownFileType = sourcecode.c.h; name = CGUpnpAvContainer.h; path = ../../../../wrapper/objc/CGUpnpAvContainer.h; sourceTree = SOURCE_ROOT; };
		21735AD90E5C5AF3009FB816 /* CGUpnpAvContainer.m */ = {isa = PBXFileReference; fileEncoding = 4; lastKnownFileType = sourcecode.c.objc; name = CGUpnpAvContainer.m; path = ../../../../wrapper/objc/CGUpnpAvContainer.m; sourceTree = SOURCE_ROOT; };
		21735ADA0E5C5AF3009FB816 /* CGUpnpAvContentDirectory.h */ = {isa = PBXFileReference; fileEncoding = 4; lastKnownFileType = sourcecode.c.h; name = CGUpnpAvContentDirectory.h; path = ../../../../wrapper/objc/CGUpnpAvContentDirectory.h; sourceTree = SOURCE_ROOT; };
		21735ADB0E5C5AF3009FB816 /* CGUpnpAvContentDirectory.m */ = {isa = PBXFileReference; fileEncoding = 4; lastKnownFileType = sourcecode.c.objc; name = CGUpnpAvContentDirectory.m; path = ../../../../wrapper/objc/CGUpnpAvContentDirectory.m; sourceTree = SOURCE_ROOT; };
		21735ADC0E5C5AF3009FB816 /* CGUpnpAvContentManager.h */ = {isa = PBXFileReference; fileEncoding = 4; lastKnownFileType = sourcecode.c.h; name = CGUpnpAvContentManager.h; path = ../../../../wrapper/objc/CGUpnpAvContentManager.h; sourceTree = SOURCE_ROOT; };
		21735ADD0E5C5AF3009FB816 /* CGUpnpAvContentManager.m */ = {isa = PBXFileReference; fileEncoding = 4; lastKnownFileType = sourcecode.c.objc; name = CGUpnpAvContentManager.m; path = ../../../../wrapper/objc/CGUpnpAvContentManager.m; sourceTree = SOURCE_ROOT; };
		21735ADE0E5C5AF3009FB816 /* CGUpnpAvController.h */ = {isa = PBXFileReference; fileEncoding = 4; lastKnownFileType = sourcecode.c.h; name = CGUpnpAvController.h; path = ../../../../wrapper/objc/CGUpnpAvController.h; sourceTree = SOURCE_ROOT; };
		21735ADF0E5C5AF3009FB816 /* CGUpnpAvController.m */ = {isa = PBXFileReference; fileEncoding = 4; lastKnownFileType = sourcecode.c.objc; name = CGUpnpAvController.m; path = ../../../../wrapper/objc/CGUpnpAvController.m; sourceTree = SOURCE_ROOT; };
		21735AE00E5C5AF3009FB816 /* CGUpnpAvItem.h */ = {isa = PBXFileReference; fileEncoding = 4; lastKnownFileType = sourcecode.c.h; name = CGUpnpAvItem.h; path = ../../../../wrapper/objc/CGUpnpAvItem.h; sourceTree = SOURCE_ROOT; };
		21735AE10E5C5AF3009FB816 /* CGUpnpAvItem.m */ = {isa = PBXFileReference; fileEncoding = 4; lastKnownFileType = sourcecode.c.objc; name = CGUpnpAvItem.m; path = ../../../../wrapper/objc/CGUpnpAvItem.m; sourceTree = SOURCE_ROOT; };
		21735AE20E5C5AF3009FB816 /* CGUpnpAvObject.h */ = {isa = PBXFileReference; fileEncoding = 4; lastKnownFileType = sourcecode.c.h; name = CGUpnpAvObject.h; path = ../../../../wrapper/objc/CGUpnpAvObject.h; sourceTree = SOURCE_ROOT; };
		21735AE30E5C5AF3009FB816 /* CGUpnpAvObject.m */ = {isa = PBXFileReference; fileEncoding = 4; lastKnownFileType = sourcecode.c.objc; name = CGUpnpAvObject.m; path = ../../../../wrapper/objc/CGUpnpAvObject.m; sourceTree = SOURCE_ROOT; };
		21735AE40E5C5AF3009FB816 /* CGUpnpAvResource.h */ = {isa = PBXFileReference; fileEncoding = 4; lastKnownFileType = sourcecode.c.h; name = CGUpnpAvResource.h; path = ../../../../wrapper/objc/CGUpnpAvResource.h; sourceTree = SOURCE_ROOT; };
		21735AE50E5C5AF3009FB816 /* CGUpnpAvResource.m */ = {isa = PBXFileReference; fileEncoding = 4; lastKnownFileType = sourcecode.c.objc; name = CGUpnpAvResource.m; path = ../../../../wrapper/objc/CGUpnpAvResource.m; sourceTree = SOURCE_ROOT; };
		21735AE60E5C5AF3009FB816 /* CGUpnpAvRoot.h */ = {isa = PBXFileReference; fileEncoding = 4; lastKnownFileType = sourcecode.c.h; name = CGUpnpAvRoot.h; path = ../../../../wrapper/objc/CGUpnpAvRoot.h; sourceTree = SOURCE_ROOT; };
		21735AE70E5C5AF3009FB816 /* CGUpnpAvRoot.m */ = {isa = PBXFileReference; fileEncoding = 4; lastKnownFileType = sourcecode.c.objc; name = CGUpnpAvRoot.m; path = ../../../../wrapper/objc/CGUpnpAvRoot.m; sourceTree = SOURCE_ROOT; };
		21735AE80E5C5AF3009FB816 /* CGUpnpAvServer.h */ = {isa = PBXFileReference; fileEncoding = 4; lastKnownFileType = sourcecode.c.h; name = CGUpnpAvServer.h; path = ../../../../wrapper/objc/CGUpnpAvServer.h; sourceTree = SOURCE_ROOT; };
		21735AE90E5C5AF3009FB816 /* CGUpnpAvServer.m */ = {isa = PBXFileReference; fileEncoding = 4; lastKnownFileType = sourcecode.c.objc; name = CGUpnpAvServer.m; path = ../../../../wrapper/objc/CGUpnpAvServer.m; sourceTree = SOURCE_ROOT; };
		21735AEA0E5C5AF3009FB816 /* CGXml.h */ = {isa = PBXFileReference; fileEncoding = 4; lastKnownFileType = sourcecode.c.h; name = CGXml.h; path = ../../../../wrapper/objc/CGXml.h; sourceTree = SOURCE_ROOT; };
		21735AEB0E5C5AF3009FB816 /* CGXml.m */ = {isa = PBXFileReference; fileEncoding = 4; lastKnownFileType = sourcecode.c.objc; name = CGXml.m; path = ../../../../wrapper/objc/CGXml.m; sourceTree = SOURCE_ROOT; };
		21735AEC0E5C5AF3009FB816 /* CGXmlNode.h */ = {isa = PBXFileReference; fileEncoding = 4; lastKnownFileType = sourcecode.c.h; name = CGXmlNode.h; path = ../../../../wrapper/objc/CGXmlNode.h; sourceTree = SOURCE_ROOT; };
		21735AED0E5C5AF3009FB816 /* CGXmlNode.m */ = {isa = PBXFileReference; fileEncoding = 4; lastKnownFileType = sourcecode.c.objc; name = CGXmlNode.m; path = ../../../../wrapper/objc/CGXmlNode.m; sourceTree = SOURCE_ROOT; };
		21735AEE0E5C5AF3009FB816 /* UPnPAV.h */ = {isa = PBXFileReference; fileEncoding = 4; lastKnownFileType = sourcecode.c.h; name = UPnPAV.h; path = ../../../../wrapper/objc/UPnPAV.h; sourceTree = SOURCE_ROOT; };
		2179A5CF0E5481E000AD736C /* DLNAImageView.h */ = {isa = PBXFileReference; fileEncoding = 4; lastKnownFileType = sourcecode.c.h; path = DLNAImageView.h; sourceTree = "<group>"; };
		2179A5D00E5481E000AD736C /* DLNAImageView.m */ = {isa = PBXFileReference; fileEncoding = 4; lastKnownFileType = sourcecode.c.objc; path = DLNAImageView.m; sourceTree = "<group>"; };
		21889D9E0E096A1B005858AB /* CyberLink.framework */ = {isa = PBXFileReference; lastKnownFileType = wrapper.framework; name = CyberLink.framework; path = ../../../../lib/macosx/xcode30/build/Release/CyberLink.framework; sourceTree = SOURCE_ROOT; };
		29B97316FDCFA39411CA2CEA /* main.m */ = {isa = PBXFileReference; fileEncoding = 4; lastKnownFileType = sourcecode.c.objc; path = main.m; sourceTree = "<group>"; };
		29B97319FDCFA39411CA2CEA /* English */ = {isa = PBXFileReference; lastKnownFileType = wrapper.nib; name = English; path = English.lproj/MainMenu.nib; sourceTree = "<group>"; };
		29B97324FDCFA39411CA2CEA /* AppKit.framework */ = {isa = PBXFileReference; lastKnownFileType = wrapper.framework; name = AppKit.framework; path = /System/Library/Frameworks/AppKit.framework; sourceTree = "<absolute>"; };
		29B97325FDCFA39411CA2CEA /* Foundation.framework */ = {isa = PBXFileReference; lastKnownFileType = wrapper.framework; name = Foundation.framework; path = /System/Library/Frameworks/Foundation.framework; sourceTree = "<absolute>"; };
		32CA4F630368D1EE00C91783 /* upnpavplayer_Prefix.pch */ = {isa = PBXFileReference; fileEncoding = 4; lastKnownFileType = sourcecode.c.h; path = upnpavplayer_Prefix.pch; sourceTree = "<group>"; };
		8D1107310486CEB800E47090 /* Info.plist */ = {isa = PBXFileReference; fileEncoding = 4; lastKnownFileType = text.plist.xml; path = Info.plist; sourceTree = "<group>"; };
		8D1107320486CEB800E47090 /* upnpavplayer.app */ = {isa = PBXFileReference; explicitFileType = wrapper.application; includeInIndex = 0; path = upnpavplayer.app; sourceTree = BUILT_PRODUCTS_DIR; };
/* End PBXFileReference section */

/* Begin PBXFrameworksBuildPhase section */
		8D11072E0486CEB800E47090 /* Frameworks */ = {
			isa = PBXFrameworksBuildPhase;
			buildActionMask = 2147483647;
			files = (
				8D11072F0486CEB800E47090 /* Cocoa.framework in Frameworks */,
				21889D9F0E096A1B005858AB /* CyberLink.framework in Frameworks */,
			);
			runOnlyForDeploymentPostprocessing = 0;
		};
/* End PBXFrameworksBuildPhase section */

/* Begin PBXGroup section */
		080E96DDFE201D6D7F000001 /* Classes */ = {
			isa = PBXGroup;
			children = (
				2179A5CF0E5481E000AD736C /* DLNAImageView.h */,
				2179A5D00E5481E000AD736C /* DLNAImageView.m */,
				2170A71D0E1056CE00BFDD01 /* DLNAController.h */,
				2170A71E0E1056CE00BFDD01 /* DLNAController.m */,
			);
			name = Classes;
			sourceTree = "<group>";
		};
		1058C7A0FEA54F0111CA2CBB /* Linked Frameworks */ = {
			isa = PBXGroup;
			children = (
				1058C7A1FEA54F0111CA2CBB /* Cocoa.framework */,
			);
			name = "Linked Frameworks";
			sourceTree = "<group>";
		};
		1058C7A2FEA54F0111CA2CBB /* Other Frameworks */ = {
			isa = PBXGroup;
			children = (
				21889D9E0E096A1B005858AB /* CyberLink.framework */,
				29B97324FDCFA39411CA2CEA /* AppKit.framework */,
				13E42FB307B3F0F600E4EEF1 /* CoreData.framework */,
				29B97325FDCFA39411CA2CEA /* Foundation.framework */,
			);
			name = "Other Frameworks";
			sourceTree = "<group>";
		};
		19C28FACFE9D520D11CA2CBB /* Products */ = {
			isa = PBXGroup;
			children = (
				8D1107320486CEB800E47090 /* upnpavplayer.app */,
			);
			name = Products;
			sourceTree = "<group>";
		};
		21735AD40E5C5AB6009FB816 /* CyberLinkAV */ = {
			isa = PBXGroup;
			children = (
				21735AD70E5C5AF3009FB816 /* CGUpnpAvConstants.h */,
				21735AD80E5C5AF3009FB816 /* CGUpnpAvContainer.h */,
				21735AD90E5C5AF3009FB816 /* CGUpnpAvContainer.m */,
				21735ADA0E5C5AF3009FB816 /* CGUpnpAvContentDirectory.h */,
				21735ADB0E5C5AF3009FB816 /* CGUpnpAvContentDirectory.m */,
				21735ADC0E5C5AF3009FB816 /* CGUpnpAvContentManager.h */,
				21735ADD0E5C5AF3009FB816 /* CGUpnpAvContentManager.m */,
				21735ADE0E5C5AF3009FB816 /* CGUpnpAvController.h */,
				21735ADF0E5C5AF3009FB816 /* CGUpnpAvController.m */,
				21735AE00E5C5AF3009FB816 /* CGUpnpAvItem.h */,
				21735AE10E5C5AF3009FB816 /* CGUpnpAvItem.m */,
				21735AE20E5C5AF3009FB816 /* CGUpnpAvObject.h */,
				21735AE30E5C5AF3009FB816 /* CGUpnpAvObject.m */,
				21735AE40E5C5AF3009FB816 /* CGUpnpAvResource.h */,
				21735AE50E5C5AF3009FB816 /* CGUpnpAvResource.m */,
				21735AE60E5C5AF3009FB816 /* CGUpnpAvRoot.h */,
				21735AE70E5C5AF3009FB816 /* CGUpnpAvRoot.m */,
				21735AE80E5C5AF3009FB816 /* CGUpnpAvServer.h */,
				21735AE90E5C5AF3009FB816 /* CGUpnpAvServer.m */,
				21735AEA0E5C5AF3009FB816 /* CGXml.h */,
				21735AEB0E5C5AF3009FB816 /* CGXml.m */,
				21735AEC0E5C5AF3009FB816 /* CGXmlNode.h */,
				21735AED0E5C5AF3009FB816 /* CGXmlNode.m */,
				21735AEE0E5C5AF3009FB816 /* UPnPAV.h */,
			);
			name = CyberLinkAV;
			sourceTree = "<group>";
		};
		29B97314FDCFA39411CA2CEA /* upnpavplayer */ = {
			isa = PBXGroup;
			children = (
				21735AD40E5C5AB6009FB816 /* CyberLinkAV */,
				080E96DDFE201D6D7F000001 /* Classes */,
				29B97315FDCFA39411CA2CEA /* Other Sources */,
				29B97317FDCFA39411CA2CEA /* Resources */,
				29B97323FDCFA39411CA2CEA /* Frameworks */,
				19C28FACFE9D520D11CA2CBB /* Products */,
			);
			name = upnpavplayer;
			sourceTree = "<group>";
		};
		29B97315FDCFA39411CA2CEA /* Other Sources */ = {
			isa = PBXGroup;
			children = (
				32CA4F630368D1EE00C91783 /* upnpavplayer_Prefix.pch */,
				29B97316FDCFA39411CA2CEA /* main.m */,
			);
			name = "Other Sources";
			sourceTree = "<group>";
		};
		29B97317FDCFA39411CA2CEA /* Resources */ = {
			isa = PBXGroup;
			children = (
				8D1107310486CEB800E47090 /* Info.plist */,
				089C165CFE840E0CC02AAC07 /* InfoPlist.strings */,
				29B97318FDCFA39411CA2CEA /* MainMenu.nib */,
			);
			name = Resources;
			sourceTree = "<group>";
		};
		29B97323FDCFA39411CA2CEA /* Frameworks */ = {
			isa = PBXGroup;
			children = (
				1058C7A0FEA54F0111CA2CBB /* Linked Frameworks */,
				1058C7A2FEA54F0111CA2CBB /* Other Frameworks */,
			);
			name = Frameworks;
			sourceTree = "<group>";
		};
/* End PBXGroup section */

/* Begin PBXNativeTarget section */
		8D1107260486CEB800E47090 /* upnpavplayer */ = {
			isa = PBXNativeTarget;
			buildConfigurationList = C01FCF4A08A954540054247B /* Build configuration list for PBXNativeTarget "upnpavplayer" */;
			buildPhases = (
				8D1107290486CEB800E47090 /* Resources */,
				8D11072C0486CEB800E47090 /* Sources */,
				8D11072E0486CEB800E47090 /* Frameworks */,
			);
			buildRules = (
			);
			dependencies = (
			);
			name = upnpavplayer;
			productInstallPath = "$(HOME)/Applications";
			productName = upnpavplayer;
			productReference = 8D1107320486CEB800E47090 /* upnpavplayer.app */;
			productType = "com.apple.product-type.application";
		};
/* End PBXNativeTarget section */

/* Begin PBXProject section */
		29B97313FDCFA39411CA2CEA /* Project object */ = {
			isa = PBXProject;
			buildConfigurationList = C01FCF4E08A954540054247B /* Build configuration list for PBXProject "upnpavplayer" */;
			compatibilityVersion = "Xcode 3.0";
			hasScannedForEncodings = 1;
			mainGroup = 29B97314FDCFA39411CA2CEA /* upnpavplayer */;
			projectDirPath = "";
			projectRoot = "";
			targets = (
				8D1107260486CEB800E47090 /* upnpavplayer */,
			);
		};
/* End PBXProject section */

/* Begin PBXResourcesBuildPhase section */
		8D1107290486CEB800E47090 /* Resources */ = {
			isa = PBXResourcesBuildPhase;
			buildActionMask = 2147483647;
			files = (
				8D11072A0486CEB800E47090 /* MainMenu.nib in Resources */,
				8D11072B0486CEB800E47090 /* InfoPlist.strings in Resources */,
			);
			runOnlyForDeploymentPostprocessing = 0;
		};
/* End PBXResourcesBuildPhase section */

/* Begin PBXSourcesBuildPhase section */
		8D11072C0486CEB800E47090 /* Sources */ = {
			isa = PBXSourcesBuildPhase;
			buildActionMask = 2147483647;
			files = (
				8D11072D0486CEB800E47090 /* main.m in Sources */,
				2170A71F0E1056CE00BFDD01 /* DLNAController.m in Sources */,
				2179A5D10E5481E000AD736C /* DLNAImageView.m in Sources */,
				21735AEF0E5C5AF3009FB816 /* CGUpnpAvContainer.m in Sources */,
				21735AF00E5C5AF4009FB816 /* CGUpnpAvContentDirectory.m in Sources */,
				21735AF10E5C5AF4009FB816 /* CGUpnpAvContentManager.m in Sources */,
				21735AF20E5C5AF4009FB816 /* CGUpnpAvController.m in Sources */,
				21735AF30E5C5AF4009FB816 /* CGUpnpAvItem.m in Sources */,
				21735AF40E5C5AF4009FB816 /* CGUpnpAvObject.m in Sources */,
				21735AF50E5C5AF4009FB816 /* CGUpnpAvResource.m in Sources */,
				21735AF60E5C5AF4009FB816 /* CGUpnpAvRoot.m in Sources */,
				21735AF70E5C5AF4009FB816 /* CGUpnpAvServer.m in Sources */,
				21735AF80E5C5AF4009FB816 /* CGXml.m in Sources */,
				21735AF90E5C5AF4009FB816 /* CGXmlNode.m in Sources */,
			);
			runOnlyForDeploymentPostprocessing = 0;
		};
/* End PBXSourcesBuildPhase section */

/* Begin PBXVariantGroup section */
		089C165CFE840E0CC02AAC07 /* InfoPlist.strings */ = {
			isa = PBXVariantGroup;
			children = (
				089C165DFE840E0CC02AAC07 /* English */,
			);
			name = InfoPlist.strings;
			sourceTree = "<group>";
		};
		29B97318FDCFA39411CA2CEA /* MainMenu.nib */ = {
			isa = PBXVariantGroup;
			children = (
				29B97319FDCFA39411CA2CEA /* English */,
			);
			name = MainMenu.nib;
			sourceTree = "<group>";
		};
/* End PBXVariantGroup section */

/* Begin XCBuildConfiguration section */
		C01FCF4B08A954540054247B /* Debug */ = {
			isa = XCBuildConfiguration;
			buildSettings = {
				COPY_PHASE_STRIP = NO;
				FRAMEWORK_SEARCH_PATHS = (
					"$(inherited)",
					"\"$(SRCROOT)/../../../../lib/macosx/xcode30/build/Release\"",
				);
				GCC_DYNAMIC_NO_PIC = NO;
				GCC_ENABLE_FIX_AND_CONTINUE = YES;
				GCC_MODEL_TUNING = G5;
				GCC_OPTIMIZATION_LEVEL = 0;
				GCC_PRECOMPILE_PREFIX_HEADER = YES;
				GCC_PREFIX_HEADER = upnpavplayer_Prefix.pch;
				INFOPLIST_FILE = Info.plist;
				INSTALL_PATH = "$(HOME)/Applications";
				PRODUCT_NAME = upnpavplayer;
				WRAPPER_EXTENSION = app;
				ZERO_LINK = YES;
			};
			name = Debug;
		};
		C01FCF4C08A954540054247B /* Release */ = {
			isa = XCBuildConfiguration;
			buildSettings = {
				DEBUG_INFORMATION_FORMAT = "dwarf-with-dsym";
				FRAMEWORK_SEARCH_PATHS = (
					"$(inherited)",
					"\"$(SRCROOT)/../../../../lib/macosx/xcode30/build/Release\"",
				);
				GCC_MODEL_TUNING = G5;
				GCC_PRECOMPILE_PREFIX_HEADER = YES;
				GCC_PREFIX_HEADER = upnpavplayer_Prefix.pch;
				INFOPLIST_FILE = Info.plist;
				INSTALL_PATH = "$(HOME)/Applications";
				PRODUCT_NAME = upnpavplayer;
				WRAPPER_EXTENSION = app;
			};
			name = Release;
		};
		C01FCF4F08A954540054247B /* Debug */ = {
			isa = XCBuildConfiguration;
			buildSettings = {
				GCC_WARN_ABOUT_RETURN_TYPE = YES;
				GCC_WARN_UNUSED_VARIABLE = YES;
				PREBINDING = NO;
				SDKROOT = "$(DEVELOPER_SDK_DIR)/MacOSX10.5.sdk";
			};
			name = Debug;
		};
		C01FCF5008A954540054247B /* Release */ = {
			isa = XCBuildConfiguration;
			buildSettings = {
				ARCHS = (
					ppc,
					i386,
				);
				GCC_WARN_ABOUT_RETURN_TYPE = YES;
				GCC_WARN_UNUSED_VARIABLE = YES;
				PREBINDING = NO;
				SDKROOT = "$(DEVELOPER_SDK_DIR)/MacOSX10.5.sdk";
			};
			name = Release;
		};
/* End XCBuildConfiguration section */

/* Begin XCConfigurationList section */
		C01FCF4A08A954540054247B /* Build configuration list for PBXNativeTarget "upnpavplayer" */ = {
			isa = XCConfigurationList;
			buildConfigurations = (
				C01FCF4B08A954540054247B /* Debug */,
				C01FCF4C08A954540054247B /* Release */,
			);
			defaultConfigurationIsVisible = 0;
			defaultConfigurationName = Release;
		};
		C01FCF4E08A954540054247B /* Build configuration list for PBXProject "upnpavplayer" */ = {
			isa = XCConfigurationList;
			buildConfigurations = (
				C01FCF4F08A954540054247B /* Debug */,
				C01FCF5008A954540054247B /* Release */,
			);
			defaultConfigurationIsVisible = 0;
			defaultConfigurationName = Release;
		};
/* End XCConfigurationList section */
	};
	rootObject = 29B97313FDCFA39411CA2CEA /* Project object */;
}
