// !$*UTF8*$!
{
	archiveVersion = 1;
	classes = {
	};
	objectVersion = 44;
	objects = {

/* Begin PBXBuildFile section */
		212208A20E11490B005A11CB /* CGUpnpAvController.m in Sources */ = {isa = PBXBuildFile; fileRef = 212208A10E11490B005A11CB /* CGUpnpAvController.m */; };
		216998040E19965C003B7C04 /* CGUpnpAvContainer.m in Sources */ = {isa = PBXBuildFile; fileRef = 216997FF0E19965C003B7C04 /* CGUpnpAvContainer.m */; };
		216998050E19965C003B7C04 /* CGUpnpAvItem.m in Sources */ = {isa = PBXBuildFile; fileRef = 216998010E19965C003B7C04 /* CGUpnpAvItem.m */; };
		216998060E19965C003B7C04 /* CGUpnpAvObject.m in Sources */ = {isa = PBXBuildFile; fileRef = 216998030E19965C003B7C04 /* CGUpnpAvObject.m */; };
		2170A71F0E1056CE00BFDD01 /* DLNAController.m in Sources */ = {isa = PBXBuildFile; fileRef = 2170A71E0E1056CE00BFDD01 /* DLNAController.m */; };
		21860BD70E264A5A00FDBD18 /* CGXmlNode.m in Sources */ = {isa = PBXBuildFile; fileRef = 21860BD60E264A5A00FDBD18 /* CGXmlNode.m */; };
		21860CDE0E2689AE00FDBD18 /* CGUpnpAvContentManager.m in Sources */ = {isa = PBXBuildFile; fileRef = 21860CDD0E2689AE00FDBD18 /* CGUpnpAvContentManager.m */; };
		21889D9F0E096A1B005858AB /* CyberLink.framework in Frameworks */ = {isa = PBXBuildFile; fileRef = 21889D9E0E096A1B005858AB /* CyberLink.framework */; };
		218EC2D00E1C241300E349BA /* CGUpnpAvContentDirectory.m in Sources */ = {isa = PBXBuildFile; fileRef = 218EC2CB0E1C241300E349BA /* CGUpnpAvContentDirectory.m */; };
		218EC2D10E1C241300E349BA /* CGUpnpAvResource.m in Sources */ = {isa = PBXBuildFile; fileRef = 218EC2CD0E1C241300E349BA /* CGUpnpAvResource.m */; };
		218EC2D20E1C241300E349BA /* CGUpnpAvServer.m in Sources */ = {isa = PBXBuildFile; fileRef = 218EC2CF0E1C241300E349BA /* CGUpnpAvServer.m */; };
		8D11072A0486CEB800E47090 /* MainMenu.nib in Resources */ = {isa = PBXBuildFile; fileRef = 29B97318FDCFA39411CA2CEA /* MainMenu.nib */; };
		8D11072B0486CEB800E47090 /* InfoPlist.strings in Resources */ = {isa = PBXBuildFile; fileRef = 089C165CFE840E0CC02AAC07 /* InfoPlist.strings */; };
		8D11072D0486CEB800E47090 /* main.m in Sources */ = {isa = PBXBuildFile; fileRef = 29B97316FDCFA39411CA2CEA /* main.m */; settings = {ATTRIBUTES = (); }; };
		8D11072F0486CEB800E47090 /* Cocoa.framework in Frameworks */ = {isa = PBXBuildFile; fileRef = 1058C7A1FEA54F0111CA2CBB /* Cocoa.framework */; };
/* End PBXBuildFile section */

/* Begin PBXFileReference section */
		089C165DFE840E0CC02AAC07 /* English */ = {isa = PBXFileReference; fileEncoding = 10; lastKnownFileType = text.plist.strings; name = English; path = English.lproj/InfoPlist.strings; sourceTree = "<group>"; };
		1058C7A1FEA54F0111CA2CBB /* Cocoa.framework */ = {isa = PBXFileReference; lastKnownFileType = wrapper.framework; name = Cocoa.framework; path = /System/Library/Frameworks/Cocoa.framework; sourceTree = "<absolute>"; };
		13E42FB307B3F0F600E4EEF1 /* CoreData.framework */ = {isa = PBXFileReference; lastKnownFileType = wrapper.framework; name = CoreData.framework; path = /System/Library/Frameworks/CoreData.framework; sourceTree = "<absolute>"; };
		212208A00E11490B005A11CB /* CGUpnpAvController.h */ = {isa = PBXFileReference; fileEncoding = 4; lastKnownFileType = sourcecode.c.h; path = CGUpnpAvController.h; sourceTree = "<group>"; };
		212208A10E11490B005A11CB /* CGUpnpAvController.m */ = {isa = PBXFileReference; fileEncoding = 4; lastKnownFileType = sourcecode.c.objc; path = CGUpnpAvController.m; sourceTree = "<group>"; };
		216997FE0E19965C003B7C04 /* CGUpnpAvContainer.h */ = {isa = PBXFileReference; fileEncoding = 4; lastKnownFileType = sourcecode.c.h; path = CGUpnpAvContainer.h; sourceTree = "<group>"; };
		216997FF0E19965C003B7C04 /* CGUpnpAvContainer.m */ = {isa = PBXFileReference; fileEncoding = 4; lastKnownFileType = sourcecode.c.objc; path = CGUpnpAvContainer.m; sourceTree = "<group>"; };
		216998000E19965C003B7C04 /* CGUpnpAvItem.h */ = {isa = PBXFileReference; fileEncoding = 4; lastKnownFileType = sourcecode.c.h; path = CGUpnpAvItem.h; sourceTree = "<group>"; };
		216998010E19965C003B7C04 /* CGUpnpAvItem.m */ = {isa = PBXFileReference; fileEncoding = 4; lastKnownFileType = sourcecode.c.objc; path = CGUpnpAvItem.m; sourceTree = "<group>"; };
		216998020E19965C003B7C04 /* CGUpnpAvObject.h */ = {isa = PBXFileReference; fileEncoding = 4; lastKnownFileType = sourcecode.c.h; path = CGUpnpAvObject.h; sourceTree = "<group>"; };
		216998030E19965C003B7C04 /* CGUpnpAvObject.m */ = {isa = PBXFileReference; fileEncoding = 4; lastKnownFileType = sourcecode.c.objc; path = CGUpnpAvObject.m; sourceTree = "<group>"; };
		2170A71D0E1056CE00BFDD01 /* DLNAController.h */ = {isa = PBXFileReference; fileEncoding = 4; lastKnownFileType = sourcecode.c.h; path = DLNAController.h; sourceTree = "<group>"; };
		2170A71E0E1056CE00BFDD01 /* DLNAController.m */ = {isa = PBXFileReference; fileEncoding = 4; lastKnownFileType = sourcecode.c.objc; path = DLNAController.m; sourceTree = "<group>"; };
		21860B9A0E263B0E00FDBD18 /* CGUpnpAvConstants.h */ = {isa = PBXFileReference; fileEncoding = 4; lastKnownFileType = sourcecode.c.h; path = CGUpnpAvConstants.h; sourceTree = "<group>"; };
		21860BD50E264A5A00FDBD18 /* CGXmlNode.h */ = {isa = PBXFileReference; fileEncoding = 4; lastKnownFileType = sourcecode.c.h; path = CGXmlNode.h; sourceTree = "<group>"; };
		21860BD60E264A5A00FDBD18 /* CGXmlNode.m */ = {isa = PBXFileReference; fileEncoding = 4; lastKnownFileType = sourcecode.c.objc; path = CGXmlNode.m; sourceTree = "<group>"; };
		21860CDC0E2689AE00FDBD18 /* CGUpnpAvContentManager.h */ = {isa = PBXFileReference; fileEncoding = 4; lastKnownFileType = sourcecode.c.h; path = CGUpnpAvContentManager.h; sourceTree = "<group>"; };
		21860CDD0E2689AE00FDBD18 /* CGUpnpAvContentManager.m */ = {isa = PBXFileReference; fileEncoding = 4; lastKnownFileType = sourcecode.c.objc; path = CGUpnpAvContentManager.m; sourceTree = "<group>"; };
		21889D9E0E096A1B005858AB /* CyberLink.framework */ = {isa = PBXFileReference; lastKnownFileType = wrapper.framework; name = CyberLink.framework; path = ../../../../lib/macosx/xcode30/build/Release/CyberLink.framework; sourceTree = SOURCE_ROOT; };
		218EC2CA0E1C241300E349BA /* CGUpnpAvContentDirectory.h */ = {isa = PBXFileReference; fileEncoding = 4; lastKnownFileType = sourcecode.c.h; path = CGUpnpAvContentDirectory.h; sourceTree = "<group>"; };
		218EC2CB0E1C241300E349BA /* CGUpnpAvContentDirectory.m */ = {isa = PBXFileReference; fileEncoding = 4; lastKnownFileType = sourcecode.c.objc; path = CGUpnpAvContentDirectory.m; sourceTree = "<group>"; };
		218EC2CC0E1C241300E349BA /* CGUpnpAvResource.h */ = {isa = PBXFileReference; fileEncoding = 4; lastKnownFileType = sourcecode.c.h; path = CGUpnpAvResource.h; sourceTree = "<group>"; };
		218EC2CD0E1C241300E349BA /* CGUpnpAvResource.m */ = {isa = PBXFileReference; fileEncoding = 4; lastKnownFileType = sourcecode.c.objc; path = CGUpnpAvResource.m; sourceTree = "<group>"; };
		218EC2CE0E1C241300E349BA /* CGUpnpAvServer.h */ = {isa = PBXFileReference; fileEncoding = 4; lastKnownFileType = sourcecode.c.h; path = CGUpnpAvServer.h; sourceTree = "<group>"; };
		218EC2CF0E1C241300E349BA /* CGUpnpAvServer.m */ = {isa = PBXFileReference; fileEncoding = 4; lastKnownFileType = sourcecode.c.objc; path = CGUpnpAvServer.m; sourceTree = "<group>"; };
		29B97316FDCFA39411CA2CEA /* main.m */ = {isa = PBXFileReference; fileEncoding = 4; lastKnownFileType = sourcecode.c.objc; path = main.m; sourceTree = "<group>"; };
		29B97319FDCFA39411CA2CEA /* English */ = {isa = PBXFileReference; lastKnownFileType = wrapper.nib; name = English; path = English.lproj/MainMenu.nib; sourceTree = "<group>"; };
		29B97324FDCFA39411CA2CEA /* AppKit.framework */ = {isa = PBXFileReference; lastKnownFileType = wrapper.framework; name = AppKit.framework; path = /System/Library/Frameworks/AppKit.framework; sourceTree = "<absolute>"; };
		29B97325FDCFA39411CA2CEA /* Foundation.framework */ = {isa = PBXFileReference; lastKnownFileType = wrapper.framework; name = Foundation.framework; path = /System/Library/Frameworks/Foundation.framework; sourceTree = "<absolute>"; };
		32CA4F630368D1EE00C91783 /* upnpavplayer_Prefix.pch */ = {isa = PBXFileReference; fileEncoding = 4; lastKnownFileType = sourcecode.c.h; path = upnpavplayer_Prefix.pch; sourceTree = "<group>"; };
		8D1107310486CEB800E47090 /* Info.plist */ = {isa = PBXFileReference; fileEncoding = 4; lastKnownFileType = text.plist.xml; path = Info.plist; sourceTree = "<group>"; };
		8D1107320486CEB800E47090 /* upnpavplayer.app */ = {isa = PBXFileReference; explicitFileType = wrapper.application; includeInIndex = 0; path = upnpavplayer.app; sourceTree = BUILT_PRODUCTS_DIR; };
/* End PBXFileReference section */

/* Begin PBXFrameworksBuildPhase section */
		8D11072E0486CEB800E47090 /* Frameworks */ = {
			isa = PBXFrameworksBuildPhase;
			buildActionMask = 2147483647;
			files = (
				8D11072F0486CEB800E47090 /* Cocoa.framework in Frameworks */,
				21889D9F0E096A1B005858AB /* CyberLink.framework in Frameworks */,
			);
			runOnlyForDeploymentPostprocessing = 0;
		};
/* End PBXFrameworksBuildPhase section */

/* Begin PBXGroup section */
		080E96DDFE201D6D7F000001 /* Classes */ = {
			isa = PBXGroup;
			children = (
				21860BD50E264A5A00FDBD18 /* CGXmlNode.h */,
				21860BD60E264A5A00FDBD18 /* CGXmlNode.m */,
				21860B9A0E263B0E00FDBD18 /* CGUpnpAvConstants.h */,
				218EC2CA0E1C241300E349BA /* CGUpnpAvContentDirectory.h */,
				218EC2CB0E1C241300E349BA /* CGUpnpAvContentDirectory.m */,
				218EC2CC0E1C241300E349BA /* CGUpnpAvResource.h */,
				218EC2CD0E1C241300E349BA /* CGUpnpAvResource.m */,
				218EC2CE0E1C241300E349BA /* CGUpnpAvServer.h */,
				218EC2CF0E1C241300E349BA /* CGUpnpAvServer.m */,
				216997FE0E19965C003B7C04 /* CGUpnpAvContainer.h */,
				216997FF0E19965C003B7C04 /* CGUpnpAvContainer.m */,
				216998000E19965C003B7C04 /* CGUpnpAvItem.h */,
				216998010E19965C003B7C04 /* CGUpnpAvItem.m */,
				216998020E19965C003B7C04 /* CGUpnpAvObject.h */,
				216998030E19965C003B7C04 /* CGUpnpAvObject.m */,
				212208A00E11490B005A11CB /* CGUpnpAvController.h */,
				212208A10E11490B005A11CB /* CGUpnpAvController.m */,
				2170A71D0E1056CE00BFDD01 /* DLNAController.h */,
				2170A71E0E1056CE00BFDD01 /* DLNAController.m */,
				21860CDC0E2689AE00FDBD18 /* CGUpnpAvContentManager.h */,
				21860CDD0E2689AE00FDBD18 /* CGUpnpAvContentManager.m */,
			);
			name = Classes;
			sourceTree = "<group>";
		};
		1058C7A0FEA54F0111CA2CBB /* Linked Frameworks */ = {
			isa = PBXGroup;
			children = (
				1058C7A1FEA54F0111CA2CBB /* Cocoa.framework */,
			);
			name = "Linked Frameworks";
			sourceTree = "<group>";
		};
		1058C7A2FEA54F0111CA2CBB /* Other Frameworks */ = {
			isa = PBXGroup;
			children = (
				21889D9E0E096A1B005858AB /* CyberLink.framework */,
				29B97324FDCFA39411CA2CEA /* AppKit.framework */,
				13E42FB307B3F0F600E4EEF1 /* CoreData.framework */,
				29B97325FDCFA39411CA2CEA /* Foundation.framework */,
			);
			name = "Other Frameworks";
			sourceTree = "<group>";
		};
		19C28FACFE9D520D11CA2CBB /* Products */ = {
			isa = PBXGroup;
			children = (
				8D1107320486CEB800E47090 /* upnpavplayer.app */,
			);
			name = Products;
			sourceTree = "<group>";
		};
		29B97314FDCFA39411CA2CEA /* upnpavplayer */ = {
			isa = PBXGroup;
			children = (
				080E96DDFE201D6D7F000001 /* Classes */,
				29B97315FDCFA39411CA2CEA /* Other Sources */,
				29B97317FDCFA39411CA2CEA /* Resources */,
				29B97323FDCFA39411CA2CEA /* Frameworks */,
				19C28FACFE9D520D11CA2CBB /* Products */,
			);
			name = upnpavplayer;
			sourceTree = "<group>";
		};
		29B97315FDCFA39411CA2CEA /* Other Sources */ = {
			isa = PBXGroup;
			children = (
				32CA4F630368D1EE00C91783 /* upnpavplayer_Prefix.pch */,
				29B97316FDCFA39411CA2CEA /* main.m */,
			);
			name = "Other Sources";
			sourceTree = "<group>";
		};
		29B97317FDCFA39411CA2CEA /* Resources */ = {
			isa = PBXGroup;
			children = (
				8D1107310486CEB800E47090 /* Info.plist */,
				089C165CFE840E0CC02AAC07 /* InfoPlist.strings */,
				29B97318FDCFA39411CA2CEA /* MainMenu.nib */,
			);
			name = Resources;
			sourceTree = "<group>";
		};
		29B97323FDCFA39411CA2CEA /* Frameworks */ = {
			isa = PBXGroup;
			children = (
				1058C7A0FEA54F0111CA2CBB /* Linked Frameworks */,
				1058C7A2FEA54F0111CA2CBB /* Other Frameworks */,
			);
			name = Frameworks;
			sourceTree = "<group>";
		};
/* End PBXGroup section */

/* Begin PBXNativeTarget section */
		8D1107260486CEB800E47090 /* upnpavplayer */ = {
			isa = PBXNativeTarget;
			buildConfigurationList = C01FCF4A08A954540054247B /* Build configuration list for PBXNativeTarget "upnpavplayer" */;
			buildPhases = (
				8D1107290486CEB800E47090 /* Resources */,
				8D11072C0486CEB800E47090 /* Sources */,
				8D11072E0486CEB800E47090 /* Frameworks */,
			);
			buildRules = (
			);
			dependencies = (
			);
			name = upnpavplayer;
			productInstallPath = "$(HOME)/Applications";
			productName = upnpavplayer;
			productReference = 8D1107320486CEB800E47090 /* upnpavplayer.app */;
			productType = "com.apple.product-type.application";
		};
/* End PBXNativeTarget section */

/* Begin PBXProject section */
		29B97313FDCFA39411CA2CEA /* Project object */ = {
			isa = PBXProject;
			buildConfigurationList = C01FCF4E08A954540054247B /* Build configuration list for PBXProject "upnpavplayer" */;
			compatibilityVersion = "Xcode 3.0";
			hasScannedForEncodings = 1;
			mainGroup = 29B97314FDCFA39411CA2CEA /* upnpavplayer */;
			projectDirPath = "";
			projectRoot = "";
			targets = (
				8D1107260486CEB800E47090 /* upnpavplayer */,
			);
		};
/* End PBXProject section */

/* Begin PBXResourcesBuildPhase section */
		8D1107290486CEB800E47090 /* Resources */ = {
			isa = PBXResourcesBuildPhase;
			buildActionMask = 2147483647;
			files = (
				8D11072A0486CEB800E47090 /* MainMenu.nib in Resources */,
				8D11072B0486CEB800E47090 /* InfoPlist.strings in Resources */,
			);
			runOnlyForDeploymentPostprocessing = 0;
		};
/* End PBXResourcesBuildPhase section */

/* Begin PBXSourcesBuildPhase section */
		8D11072C0486CEB800E47090 /* Sources */ = {
			isa = PBXSourcesBuildPhase;
			buildActionMask = 2147483647;
			files = (
				8D11072D0486CEB800E47090 /* main.m in Sources */,
				2170A71F0E1056CE00BFDD01 /* DLNAController.m in Sources */,
				212208A20E11490B005A11CB /* CGUpnpAvController.m in Sources */,
				216998040E19965C003B7C04 /* CGUpnpAvContainer.m in Sources */,
				216998050E19965C003B7C04 /* CGUpnpAvItem.m in Sources */,
				216998060E19965C003B7C04 /* CGUpnpAvObject.m in Sources */,
				218EC2D00E1C241300E349BA /* CGUpnpAvContentDirectory.m in Sources */,
				218EC2D10E1C241300E349BA /* CGUpnpAvResource.m in Sources */,
				218EC2D20E1C241300E349BA /* CGUpnpAvServer.m in Sources */,
				21860BD70E264A5A00FDBD18 /* CGXmlNode.m in Sources */,
				21860CDE0E2689AE00FDBD18 /* CGUpnpAvContentManager.m in Sources */,
			);
			runOnlyForDeploymentPostprocessing = 0;
		};
/* End PBXSourcesBuildPhase section */

/* Begin PBXVariantGroup section */
		089C165CFE840E0CC02AAC07 /* InfoPlist.strings */ = {
			isa = PBXVariantGroup;
			children = (
				089C165DFE840E0CC02AAC07 /* English */,
			);
			name = InfoPlist.strings;
			sourceTree = "<group>";
		};
		29B97318FDCFA39411CA2CEA /* MainMenu.nib */ = {
			isa = PBXVariantGroup;
			children = (
				29B97319FDCFA39411CA2CEA /* English */,
			);
			name = MainMenu.nib;
			sourceTree = "<group>";
		};
/* End PBXVariantGroup section */

/* Begin XCBuildConfiguration section */
		C01FCF4B08A954540054247B /* Debug */ = {
			isa = XCBuildConfiguration;
			buildSettings = {
				COPY_PHASE_STRIP = NO;
				FRAMEWORK_SEARCH_PATHS = (
					"$(inherited)",
					"\"$(SRCROOT)/../../../../lib/macosx/xcode30/build/Release\"",
				);
				GCC_DYNAMIC_NO_PIC = NO;
				GCC_ENABLE_FIX_AND_CONTINUE = YES;
				GCC_MODEL_TUNING = G5;
				GCC_OPTIMIZATION_LEVEL = 0;
				GCC_PRECOMPILE_PREFIX_HEADER = YES;
				GCC_PREFIX_HEADER = upnpavplayer_Prefix.pch;
				INFOPLIST_FILE = Info.plist;
				INSTALL_PATH = "$(HOME)/Applications";
				PRODUCT_NAME = upnpavplayer;
				WRAPPER_EXTENSION = app;
				ZERO_LINK = YES;
			};
			name = Debug;
		};
		C01FCF4C08A954540054247B /* Release */ = {
			isa = XCBuildConfiguration;
			buildSettings = {
				DEBUG_INFORMATION_FORMAT = "dwarf-with-dsym";
				FRAMEWORK_SEARCH_PATHS = (
					"$(inherited)",
					"\"$(SRCROOT)/../../../../lib/macosx/xcode30/build/Release\"",
				);
				GCC_MODEL_TUNING = G5;
				GCC_PRECOMPILE_PREFIX_HEADER = YES;
				GCC_PREFIX_HEADER = upnpavplayer_Prefix.pch;
				INFOPLIST_FILE = Info.plist;
				INSTALL_PATH = "$(HOME)/Applications";
				PRODUCT_NAME = upnpavplayer;
				WRAPPER_EXTENSION = app;
			};
			name = Release;
		};
		C01FCF4F08A954540054247B /* Debug */ = {
			isa = XCBuildConfiguration;
			buildSettings = {
				GCC_WARN_ABOUT_RETURN_TYPE = YES;
				GCC_WARN_UNUSED_VARIABLE = YES;
				PREBINDING = NO;
				SDKROOT = "$(DEVELOPER_SDK_DIR)/MacOSX10.5.sdk";
			};
			name = Debug;
		};
		C01FCF5008A954540054247B /* Release */ = {
			isa = XCBuildConfiguration;
			buildSettings = {
				ARCHS = (
					ppc,
					i386,
				);
				GCC_WARN_ABOUT_RETURN_TYPE = YES;
				GCC_WARN_UNUSED_VARIABLE = YES;
				PREBINDING = NO;
				SDKROOT = "$(DEVELOPER_SDK_DIR)/MacOSX10.5.sdk";
			};
			name = Release;
		};
/* End XCBuildConfiguration section */

/* Begin XCConfigurationList section */
		C01FCF4A08A954540054247B /* Build configuration list for PBXNativeTarget "upnpavplayer" */ = {
			isa = XCConfigurationList;
			buildConfigurations = (
				C01FCF4B08A954540054247B /* Debug */,
				C01FCF4C08A954540054247B /* Release */,
			);
			defaultConfigurationIsVisible = 0;
			defaultConfigurationName = Release;
		};
		C01FCF4E08A954540054247B /* Build configuration list for PBXProject "upnpavplayer" */ = {
			isa = XCConfigurationList;
			buildConfigurations = (
				C01FCF4F08A954540054247B /* Debug */,
				C01FCF5008A954540054247B /* Release */,
			);
			defaultConfigurationIsVisible = 0;
			defaultConfigurationName = Release;
		};
/* End XCConfigurationList section */
	};
	rootObject = 29B97313FDCFA39411CA2CEA /* Project object */;
}
