dependencies:
  espressif/expat:
    component_hash: dfde995351e1b05f4554f8ddef1dfc644806d7f4b2fc2f12c63ccae194a29495
    dependencies:
    - name: idf
      require: private
      version: '>=4.3'
    source:
      registry_url: https://components.espressif.com/
      type: service
    version: 2.8.4
  idf:
    source:
      type: idf
    version: 5.5.5
direct_dependencies:
- espressif/expat
- idf
manifest_hash: d6e58bf5855144d32e53754176bdf2c829aafd2e24ed08687fe74d5df5d42a72
target: esp32
version: 2.0.0
